// !$*UTF8*$!
{
	archiveVersion = 1;
	classes = {
	};
	objectVersion = 56;
	objects = {

/* Begin PBXBuildFile section */
		630ADB4F2977CC6C000A517B /* BootCampingApp.swift in Sources */ = {isa = PBXBuildFile; fileRef = 630ADB4E2977CC6C000A517B /* BootCampingApp.swift */; };
		630ADB512977CC6C000A517B /* ContentView.swift in Sources */ = {isa = PBXBuildFile; fileRef = 630ADB502977CC6C000A517B /* ContentView.swift */; };
		630ADB532977CC6D000A517B /* Assets.xcassets in Resources */ = {isa = PBXBuildFile; fileRef = 630ADB522977CC6D000A517B /* Assets.xcassets */; };
		630ADB572977CC6D000A517B /* Preview Assets.xcassets in Resources */ = {isa = PBXBuildFile; fileRef = 630ADB562977CC6D000A517B /* Preview Assets.xcassets */; };
		633DF94729948EE000B29C91 /* SearchByCampingSpotNameView.swift in Sources */ = {isa = PBXBuildFile; fileRef = 633DF94629948EE000B29C91 /* SearchByCampingSpotNameView.swift */; };
		63463A452990EF260000F523 /* Filtering.swift in Sources */ = {isa = PBXBuildFile; fileRef = 63463A442990EF260000F523 /* Filtering.swift */; };
		6367B5572996307100CA2F1B /* DiaryListForCampingSpotView.swift in Sources */ = {isa = PBXBuildFile; fileRef = 6367B5562996307100CA2F1B /* DiaryListForCampingSpotView.swift */; };
		63757FE7299B655C001435C4 /* FirebaseAnalytics in Frameworks */ = {isa = PBXBuildFile; productRef = 63757FE6299B655C001435C4 /* FirebaseAnalytics */; };
		63757FE9299B655C001435C4 /* FirebaseAnalyticsSwift in Frameworks */ = {isa = PBXBuildFile; productRef = 63757FE8299B655C001435C4 /* FirebaseAnalyticsSwift */; };
		639129E92979291D00F6EDD7 /* Places.swift in Sources */ = {isa = PBXBuildFile; fileRef = 639129E82979291D00F6EDD7 /* Places.swift */; };
		639129EF29792CB700F6EDD7 /* CapmingSpotStore.swift in Sources */ = {isa = PBXBuildFile; fileRef = 639129EE29792CB700F6EDD7 /* CapmingSpotStore.swift */; };
		63AF45A42977CD9C0014B1E1 /* FirebaseAuth in Frameworks */ = {isa = PBXBuildFile; productRef = 63AF45A32977CD9C0014B1E1 /* FirebaseAuth */; };
		63AF45A62977CD9C0014B1E1 /* FirebaseFirestore in Frameworks */ = {isa = PBXBuildFile; productRef = 63AF45A52977CD9C0014B1E1 /* FirebaseFirestore */; };
		63AF45A82977CD9C0014B1E1 /* FirebaseStorage in Frameworks */ = {isa = PBXBuildFile; productRef = 63AF45A72977CD9C0014B1E1 /* FirebaseStorage */; };
		63AF45AD2977CDB40014B1E1 /* UIScreen+Extension.swift in Sources */ = {isa = PBXBuildFile; fileRef = 63AF45AA2977CDB40014B1E1 /* UIScreen+Extension.swift */; };
		63AF45AE2977CDB40014B1E1 /* ViewModifiers.swift in Sources */ = {isa = PBXBuildFile; fileRef = 63AF45AB2977CDB40014B1E1 /* ViewModifiers.swift */; };
		63AF45AF2977CDB40014B1E1 /* Date.swift in Sources */ = {isa = PBXBuildFile; fileRef = 63AF45AC2977CDB40014B1E1 /* Date.swift */; };
		63AF45B22977CDC60014B1E1 /* User.swift in Sources */ = {isa = PBXBuildFile; fileRef = 63AF45B12977CDC60014B1E1 /* User.swift */; };
		63AF45BB2977CDE20014B1E1 /* AuthSignUpView.swift in Sources */ = {isa = PBXBuildFile; fileRef = 63AF45B82977CDE20014B1E1 /* AuthSignUpView.swift */; };
		63AF45BD2977CDE20014B1E1 /* LoginView.swift in Sources */ = {isa = PBXBuildFile; fileRef = 63AF45BA2977CDE20014B1E1 /* LoginView.swift */; };
		63AF45C02977CDF90014B1E1 /* HomeView.swift in Sources */ = {isa = PBXBuildFile; fileRef = 63AF45BF2977CDF90014B1E1 /* HomeView.swift */; };
		63AF45D72977CE4C0014B1E1 /* MyPageView.swift in Sources */ = {isa = PBXBuildFile; fileRef = 63AF45D12977CE4B0014B1E1 /* MyPageView.swift */; };
		63AF45D82977CE4C0014B1E1 /* BookmarkCellView.swift in Sources */ = {isa = PBXBuildFile; fileRef = 63AF45D22977CE4B0014B1E1 /* BookmarkCellView.swift */; };
		63AF45DA2977CE4C0014B1E1 /* SettingView.swift in Sources */ = {isa = PBXBuildFile; fileRef = 63AF45D42977CE4C0014B1E1 /* SettingView.swift */; };
		63AF45DB2977CE4C0014B1E1 /* ProfileSettingView.swift in Sources */ = {isa = PBXBuildFile; fileRef = 63AF45D52977CE4C0014B1E1 /* ProfileSettingView.swift */; };
		63AF45DF2977CE5E0014B1E1 /* MyCampingDiaryView.swift in Sources */ = {isa = PBXBuildFile; fileRef = 63AF45DC2977CE5E0014B1E1 /* MyCampingDiaryView.swift */; };
		63AF45E02977CE5E0014B1E1 /* DiaryAddView.swift in Sources */ = {isa = PBXBuildFile; fileRef = 63AF45DD2977CE5E0014B1E1 /* DiaryAddView.swift */; };
		63AF45E12977CE5E0014B1E1 /* DiaryDetailView.swift in Sources */ = {isa = PBXBuildFile; fileRef = 63AF45DE2977CE5E0014B1E1 /* DiaryDetailView.swift */; };
		63AF45E52977CE650014B1E1 /* CampingSpotListView.swift in Sources */ = {isa = PBXBuildFile; fileRef = 63AF45E22977CE650014B1E1 /* CampingSpotListView.swift */; };
		63AF45E62977CE650014B1E1 /* CampingSpotDetailView.swift in Sources */ = {isa = PBXBuildFile; fileRef = 63AF45E32977CE650014B1E1 /* CampingSpotDetailView.swift */; };
		63AF45E72977CE650014B1E1 /* SearchCampingSpotView.swift in Sources */ = {isa = PBXBuildFile; fileRef = 63AF45E42977CE650014B1E1 /* SearchCampingSpotView.swift */; };
		63BC803B298C8EF30088AC02 /* EmptyCampingSpotListCell.swift in Sources */ = {isa = PBXBuildFile; fileRef = 63BC803A298C8EF30088AC02 /* EmptyCampingSpotListCell.swift */; };
		63BC803F298C97380088AC02 /* FirebaseCampingSpotService.swift in Sources */ = {isa = PBXBuildFile; fileRef = 63BC803E298C97380088AC02 /* FirebaseCampingSpotService.swift */; };
		63D1822D2993D53B00293727 /* CampingSpotListSearchingView.swift in Sources */ = {isa = PBXBuildFile; fileRef = 63D1822C2993D53B00293727 /* CampingSpotListSearchingView.swift */; };
		63F8426C298FB5FF006A9433 /* CampingSpotListRaw.swift in Sources */ = {isa = PBXBuildFile; fileRef = 63F8426B298FB5FF006A9433 /* CampingSpotListRaw.swift */; };
		6E11BE2D298C8FD60019E963 /* Lottie in Frameworks */ = {isa = PBXBuildFile; productRef = 6E11BE2C298C8FD60019E963 /* Lottie */; };
		6E11BE2F298C90390019E963 /* LottieView.swift in Sources */ = {isa = PBXBuildFile; fileRef = 6E11BE2E298C90390019E963 /* LottieView.swift */; };
		6E11BE31298C905D0019E963 /* campfire.json in Resources */ = {isa = PBXBuildFile; fileRef = 6E11BE30298C905C0019E963 /* campfire.json */; };
		6E11BE352990E6A80019E963 /* SplashScreenView.swift in Sources */ = {isa = PBXBuildFile; fileRef = 6E11BE342990E6A80019E963 /* SplashScreenView.swift */; };
		6E688DF82991E127006DCEE5 /* DescribeCampView.swift in Sources */ = {isa = PBXBuildFile; fileRef = 6E688DF72991E127006DCEE5 /* DescribeCampView.swift */; };
		6E688DFA2991E136006DCEE5 /* DescribePictureView.swift in Sources */ = {isa = PBXBuildFile; fileRef = 6E688DF92991E136006DCEE5 /* DescribePictureView.swift */; };
		6E688DFC2991E141006DCEE5 /* DescribeDiaryView.swift in Sources */ = {isa = PBXBuildFile; fileRef = 6E688DFB2991E141006DCEE5 /* DescribeDiaryView.swift */; };
		6E688DFE2991E153006DCEE5 /* OnboardingTabView.swift in Sources */ = {isa = PBXBuildFile; fileRef = 6E688DFD2991E153006DCEE5 /* OnboardingTabView.swift */; };
		6E688E102991F0FE006DCEE5 /* tent.json in Resources */ = {isa = PBXBuildFile; fileRef = 6E688E0F2991F0FE006DCEE5 /* tent.json */; };
		6E688E1229920F5D006DCEE5 /* diary_lottie.json in Resources */ = {isa = PBXBuildFile; fileRef = 6E688E1129920F5D006DCEE5 /* diary_lottie.json */; };
		6E688E1429920F7B006DCEE5 /* picture_lottie.json in Resources */ = {isa = PBXBuildFile; fileRef = 6E688E1329920F7B006DCEE5 /* picture_lottie.json */; };
		6E688E17299220B7006DCEE5 /* ContactUsView.swift in Sources */ = {isa = PBXBuildFile; fileRef = 6E688E16299220B7006DCEE5 /* ContactUsView.swift */; };
		6E688E3A29923506006DCEE5 /* ContactMail.swift in Sources */ = {isa = PBXBuildFile; fileRef = 6E688E3929923506006DCEE5 /* ContactMail.swift */; };
		6E688E3C29923542006DCEE5 /* MailView.swift in Sources */ = {isa = PBXBuildFile; fileRef = 6E688E3B29923542006DCEE5 /* MailView.swift */; };
		6E688E3F29923827006DCEE5 /* SwiftUIMailView in Frameworks */ = {isa = PBXBuildFile; productRef = 6E688E3E29923827006DCEE5 /* SwiftUIMailView */; };
		6E8CACBE2994E4BD000C2274 /* BlockedUserStore.swift in Sources */ = {isa = PBXBuildFile; fileRef = 6E8CACBD2994E4BD000C2274 /* BlockedUserStore.swift */; };
		6E8CACC02994EAB1000C2274 /* FirebaseBlockedUserService.swift in Sources */ = {isa = PBXBuildFile; fileRef = 6E8CACBF2994EAB1000C2274 /* FirebaseBlockedUserService.swift */; };
		6E96013B298A32D6009C60F2 /* FullMapView.swift in Sources */ = {isa = PBXBuildFile; fileRef = 6E96013A298A32D6009C60F2 /* FullMapView.swift */; };
		6E996E81297A4E290085D914 /* GoogleSignIn in Frameworks */ = {isa = PBXBuildFile; productRef = 6E996E80297A4E290085D914 /* GoogleSignIn */; };
		6E996E83297A4E290085D914 /* GoogleSignInSwift in Frameworks */ = {isa = PBXBuildFile; productRef = 6E996E82297A4E290085D914 /* GoogleSignInSwift */; };
		790B62D929792A4D0048C110 /* Comment.swift in Sources */ = {isa = PBXBuildFile; fileRef = 790B62D829792A4D0048C110 /* Comment.swift */; };
		790B62DB29792B4C0048C110 /* CommentStore.swift in Sources */ = {isa = PBXBuildFile; fileRef = 790B62DA29792B4C0048C110 /* CommentStore.swift */; };
		790B62E2297A28E00048C110 /* KakaoSDK in Frameworks */ = {isa = PBXBuildFile; productRef = 790B62E1297A28E00048C110 /* KakaoSDK */; };
		790B62E4297A28E00048C110 /* KakaoSDKAuth in Frameworks */ = {isa = PBXBuildFile; productRef = 790B62E3297A28E00048C110 /* KakaoSDKAuth */; };
		790B62E6297A28E00048C110 /* KakaoSDKCommon in Frameworks */ = {isa = PBXBuildFile; productRef = 790B62E5297A28E00048C110 /* KakaoSDKCommon */; };
		790B62E8297A28E00048C110 /* KakaoSDKCommonCore in Frameworks */ = {isa = PBXBuildFile; productRef = 790B62E7297A28E00048C110 /* KakaoSDKCommonCore */; };
		790B62EA297A28E00048C110 /* KakaoSDKNavi in Frameworks */ = {isa = PBXBuildFile; productRef = 790B62E9297A28E00048C110 /* KakaoSDKNavi */; };
		790B62EC297A28E00048C110 /* KakaoSDKShare in Frameworks */ = {isa = PBXBuildFile; productRef = 790B62EB297A28E00048C110 /* KakaoSDKShare */; };
		790B62EE297A28E00048C110 /* KakaoSDKStory in Frameworks */ = {isa = PBXBuildFile; productRef = 790B62ED297A28E00048C110 /* KakaoSDKStory */; };
		790B62F0297A28E00048C110 /* KakaoSDKTalk in Frameworks */ = {isa = PBXBuildFile; productRef = 790B62EF297A28E00048C110 /* KakaoSDKTalk */; };
		790B62F2297A28E00048C110 /* KakaoSDKTemplate in Frameworks */ = {isa = PBXBuildFile; productRef = 790B62F1297A28E00048C110 /* KakaoSDKTemplate */; };
		790B62F4297A28E00048C110 /* KakaoSDKUser in Frameworks */ = {isa = PBXBuildFile; productRef = 790B62F3297A28E00048C110 /* KakaoSDKUser */; };
		792C42422990CAD200B7772C /* PrivacyView.swift in Sources */ = {isa = PBXBuildFile; fileRef = 792C42412990CAD200B7772C /* PrivacyView.swift */; };
		792C42442990D0A800B7772C /* PasswordChangeView.swift in Sources */ = {isa = PBXBuildFile; fileRef = 792C42432990D0A800B7772C /* PasswordChangeView.swift */; };
		794ACB1E299929950037DDDD /* DiaryEditView.swift in Sources */ = {isa = PBXBuildFile; fileRef = 794ACB1D299929950037DDDD /* DiaryEditView.swift */; };
		7970EFF6299B65D500A9AC7C /* DiaryAddDetailImageView.swift in Sources */ = {isa = PBXBuildFile; fileRef = 7970EFF5299B65D500A9AC7C /* DiaryAddDetailImageView.swift */; };
		7C20C300299380DF0030CB21 /* FirebaseDiaryLikeService.swift in Sources */ = {isa = PBXBuildFile; fileRef = 7C20C2FF299380DF0030CB21 /* FirebaseDiaryLikeService.swift */; };
		7C20C30229938CC90030CB21 /* DiaryLIkeStore.swift in Sources */ = {isa = PBXBuildFile; fileRef = 7C20C30129938CC90030CB21 /* DiaryLIkeStore.swift */; };
		7C294CAC299513570024CEA9 /* BlockUserEditView.swift in Sources */ = {isa = PBXBuildFile; fileRef = 7C294CAB299513570024CEA9 /* BlockUserEditView.swift */; };
		7C3E8BDA2992222600A6C1D6 /* DiaryCommentCellView.swift in Sources */ = {isa = PBXBuildFile; fileRef = 7C3E8BD92992222600A6C1D6 /* DiaryCommentCellView.swift */; };
		7C3FC49729877C7200E96A01 /* SDWebImageSwiftUI in Frameworks */ = {isa = PBXBuildFile; productRef = 7C3FC49629877C7200E96A01 /* SDWebImageSwiftUI */; };
		7C6A94AC2992BE6900B0E125 /* DiaryEmptyView.swift in Sources */ = {isa = PBXBuildFile; fileRef = 7C6A94AB2992BE6900B0E125 /* DiaryEmptyView.swift */; };
		7C715C982977E056009BC678 /* Diary.swift in Sources */ = {isa = PBXBuildFile; fileRef = 7C715C972977E056009BC678 /* Diary.swift */; };
		7C95F191298A55120095A6BC /* GoogleService-Info.plist in Resources */ = {isa = PBXBuildFile; fileRef = 7C95F190298A55120095A6BC /* GoogleService-Info.plist */; };
		7CA272FE2991CE6600443111 /* DiaryLockedView.swift in Sources */ = {isa = PBXBuildFile; fileRef = 7CA272FD2991CE6600443111 /* DiaryLockedView.swift */; };
		7CACABBF299947E30044520F /* PinchZoomAndDrag.swift in Sources */ = {isa = PBXBuildFile; fileRef = 7CACABBE299947E30044520F /* PinchZoomAndDrag.swift */; };
		7CC3AD4E29890970002EF992 /* DiaryStore.swift in Sources */ = {isa = PBXBuildFile; fileRef = 7CC3AD4D29890970002EF992 /* DiaryStore.swift */; };
		7CC3AD5029890974002EF992 /* FirebaseDiaryService.swift in Sources */ = {isa = PBXBuildFile; fileRef = 7CC3AD4F29890974002EF992 /* FirebaseDiaryService.swift */; };
		7CD6570B298C91B000889FF3 /* LocalAuthentication.swift in Sources */ = {isa = PBXBuildFile; fileRef = 7CD6570A298C91B000889FF3 /* LocalAuthentication.swift */; };
		7CD6570F298D07EB00889FF3 /* BookmarkStore.swift in Sources */ = {isa = PBXBuildFile; fileRef = 7CD6570D298D07EB00889FF3 /* BookmarkStore.swift */; };
		7CDDE5B2299B44DF000610CA /* KeyboardSetting.swift in Sources */ = {isa = PBXBuildFile; fileRef = 7CDDE5B1299B44DF000610CA /* KeyboardSetting.swift */; };
		7CFCE12B2987549700E196AF /* RealtimeCampingView.swift in Sources */ = {isa = PBXBuildFile; fileRef = 7CFCE1292987549700E196AF /* RealtimeCampingView.swift */; };
		7CFCE12D2987549F00E196AF /* WeeklyPopulerCampingView.swift in Sources */ = {isa = PBXBuildFile; fileRef = 7CFCE12C2987549F00E196AF /* WeeklyPopulerCampingView.swift */; };
		7CFCE12F2987551F00E196AF /* LoginPasswordView.swift in Sources */ = {isa = PBXBuildFile; fileRef = 7CFCE12E2987551F00E196AF /* LoginPasswordView.swift */; };
		AD1FED36298B930F001FB3E5 /* FirebaseScheduleService.swift in Sources */ = {isa = PBXBuildFile; fileRef = AD1FED35298B930F001FB3E5 /* FirebaseScheduleService.swift */; };
		AD21BAE32989F28C007ED6B7 /* FirebaseCommentService.swift in Sources */ = {isa = PBXBuildFile; fileRef = AD21BAE22989F28C007ED6B7 /* FirebaseCommentService.swift */; };
		AD2DBF5229940009008534BA /* AlertToast in Frameworks */ = {isa = PBXBuildFile; productRef = AD2DBF5129940009008534BA /* AlertToast */; };
		AD373AFA2977D68A00E1236A /* DiaryCellView.swift in Sources */ = {isa = PBXBuildFile; fileRef = AD373AF92977D68A00E1236A /* DiaryCellView.swift */; };
		AD672121298CA983008C34B3 /* WholeAuthStore.swift in Sources */ = {isa = PBXBuildFile; fileRef = AD672120298CA983008C34B3 /* WholeAuthStore.swift */; };
		AD672123298CBFB0008C34B3 /* FirebaseUserService.swift in Sources */ = {isa = PBXBuildFile; fileRef = AD672122298CBFB0008C34B3 /* FirebaseUserService.swift */; };
		AD672125298CE2BB008C34B3 /* AuthEmailService.swift in Sources */ = {isa = PBXBuildFile; fileRef = AD672124298CE2BB008C34B3 /* AuthEmailService.swift */; };
		AD851262299B729000FA8E2E /* Introspect in Frameworks */ = {isa = PBXBuildFile; productRef = AD851261299B729000FA8E2E /* Introspect */; };
		AD851264299B735B00FA8E2E /* ScrollViewHelper.swift in Sources */ = {isa = PBXBuildFile; fileRef = AD851263299B735B00FA8E2E /* ScrollViewHelper.swift */; };
		ADDB3C0F2990C12600EF82E3 /* AuthKakaoService.swift in Sources */ = {isa = PBXBuildFile; fileRef = ADDB3C0E2990C12600EF82E3 /* AuthKakaoService.swift */; };
		CA27A627298CA81700A6AEE5 /* TaskCellView.swift in Sources */ = {isa = PBXBuildFile; fileRef = CA27A626298CA81700A6AEE5 /* TaskCellView.swift */; };
		CA27A62D298CE95500A6AEE5 /* FirebaseBookmarkService.swift in Sources */ = {isa = PBXBuildFile; fileRef = CA27A62C298CE95500A6AEE5 /* FirebaseBookmarkService.swift */; };
		CA27A63A29937DB400A6AEE5 /* LocalNotificationCenter.swift in Sources */ = {isa = PBXBuildFile; fileRef = CA27A63929937DB400A6AEE5 /* LocalNotificationCenter.swift */; };
		CA27A63E29962FE400A6AEE5 /* LocalNotification.swift in Sources */ = {isa = PBXBuildFile; fileRef = CA27A63D29962FE300A6AEE5 /* LocalNotification.swift */; };
		CA27A6402996320B00A6AEE5 /* NotificationSettingsView.swift in Sources */ = {isa = PBXBuildFile; fileRef = CA27A63F2996320B00A6AEE5 /* NotificationSettingsView.swift */; };
		CA27A64E299B288300A6AEE5 /* ReportStore.swift in Sources */ = {isa = PBXBuildFile; fileRef = CA27A64D299B288300A6AEE5 /* ReportStore.swift */; };
		CA27A650299B28A300A6AEE5 /* FirebaseReportService.swift in Sources */ = {isa = PBXBuildFile; fileRef = CA27A64F299B28A300A6AEE5 /* FirebaseReportService.swift */; };
		CA27A652299B291600A6AEE5 /* ReportedDiary.swift in Sources */ = {isa = PBXBuildFile; fileRef = CA27A651299B291600A6AEE5 /* ReportedDiary.swift */; };
		CA27A654299B455400A6AEE5 /* ReportView.swift in Sources */ = {isa = PBXBuildFile; fileRef = CA27A653299B455300A6AEE5 /* ReportView.swift */; };
		CA27A658299B4B9C00A6AEE5 /* WaitingView.swift in Sources */ = {isa = PBXBuildFile; fileRef = CA27A657299B4B9C00A6AEE5 /* WaitingView.swift */; };
		CA729F3329792DE000CCC3BB /* CalendarView.swift in Sources */ = {isa = PBXBuildFile; fileRef = CA729F3229792DE000CCC3BB /* CalendarView.swift */; };
		CA729F352979315400CCC3BB /* CustomDatePickerView.swift in Sources */ = {isa = PBXBuildFile; fileRef = CA729F342979315400CCC3BB /* CustomDatePickerView.swift */; };
		CA729F392979340600CCC3BB /* Schedule.swift in Sources */ = {isa = PBXBuildFile; fileRef = CA729F382979340600CCC3BB /* Schedule.swift */; };
		CA729F3C297A6C4B00CCC3BB /* AddScheduleView.swift in Sources */ = {isa = PBXBuildFile; fileRef = CA729F3B297A6C4B00CCC3BB /* AddScheduleView.swift */; };
		CA729F432988FCBA00CCC3BB /* ScheduleStore.swift in Sources */ = {isa = PBXBuildFile; fileRef = CA729F422988FCBA00CCC3BB /* ScheduleStore.swift */; };
/* End PBXBuildFile section */

/* Begin PBXFileReference section */
		630ADB4B2977CC6C000A517B /* BootCamping.app */ = {isa = PBXFileReference; explicitFileType = wrapper.application; includeInIndex = 0; path = BootCamping.app; sourceTree = BUILT_PRODUCTS_DIR; };
		630ADB4E2977CC6C000A517B /* BootCampingApp.swift */ = {isa = PBXFileReference; lastKnownFileType = sourcecode.swift; path = BootCampingApp.swift; sourceTree = "<group>"; };
		630ADB502977CC6C000A517B /* ContentView.swift */ = {isa = PBXFileReference; lastKnownFileType = sourcecode.swift; path = ContentView.swift; sourceTree = "<group>"; };
		630ADB522977CC6D000A517B /* Assets.xcassets */ = {isa = PBXFileReference; lastKnownFileType = folder.assetcatalog; path = Assets.xcassets; sourceTree = "<group>"; };
		630ADB542977CC6D000A517B /* BootCamping.entitlements */ = {isa = PBXFileReference; lastKnownFileType = text.plist.entitlements; path = BootCamping.entitlements; sourceTree = "<group>"; };
		630ADB562977CC6D000A517B /* Preview Assets.xcassets */ = {isa = PBXFileReference; lastKnownFileType = folder.assetcatalog; path = "Preview Assets.xcassets"; sourceTree = "<group>"; };
		633DF94629948EE000B29C91 /* SearchByCampingSpotNameView.swift */ = {isa = PBXFileReference; lastKnownFileType = sourcecode.swift; path = SearchByCampingSpotNameView.swift; sourceTree = "<group>"; };
		63463A442990EF260000F523 /* Filtering.swift */ = {isa = PBXFileReference; lastKnownFileType = sourcecode.swift; path = Filtering.swift; sourceTree = "<group>"; };
		6367B5562996307100CA2F1B /* DiaryListForCampingSpotView.swift */ = {isa = PBXFileReference; lastKnownFileType = sourcecode.swift; path = DiaryListForCampingSpotView.swift; sourceTree = "<group>"; };
		639129E82979291D00F6EDD7 /* Places.swift */ = {isa = PBXFileReference; fileEncoding = 4; lastKnownFileType = sourcecode.swift; path = Places.swift; sourceTree = "<group>"; };
		639129EE29792CB700F6EDD7 /* CapmingSpotStore.swift */ = {isa = PBXFileReference; lastKnownFileType = sourcecode.swift; path = CapmingSpotStore.swift; sourceTree = "<group>"; };
		63AF45AA2977CDB40014B1E1 /* UIScreen+Extension.swift */ = {isa = PBXFileReference; fileEncoding = 4; lastKnownFileType = sourcecode.swift; path = "UIScreen+Extension.swift"; sourceTree = "<group>"; };
		63AF45AB2977CDB40014B1E1 /* ViewModifiers.swift */ = {isa = PBXFileReference; fileEncoding = 4; lastKnownFileType = sourcecode.swift; path = ViewModifiers.swift; sourceTree = "<group>"; };
		63AF45AC2977CDB40014B1E1 /* Date.swift */ = {isa = PBXFileReference; fileEncoding = 4; lastKnownFileType = sourcecode.swift; path = Date.swift; sourceTree = "<group>"; };
		63AF45B12977CDC60014B1E1 /* User.swift */ = {isa = PBXFileReference; fileEncoding = 4; lastKnownFileType = sourcecode.swift; path = User.swift; sourceTree = "<group>"; };
		63AF45B82977CDE20014B1E1 /* AuthSignUpView.swift */ = {isa = PBXFileReference; fileEncoding = 4; lastKnownFileType = sourcecode.swift; path = AuthSignUpView.swift; sourceTree = "<group>"; };
		63AF45BA2977CDE20014B1E1 /* LoginView.swift */ = {isa = PBXFileReference; fileEncoding = 4; lastKnownFileType = sourcecode.swift; path = LoginView.swift; sourceTree = "<group>"; };
		63AF45BF2977CDF90014B1E1 /* HomeView.swift */ = {isa = PBXFileReference; fileEncoding = 4; lastKnownFileType = sourcecode.swift; path = HomeView.swift; sourceTree = "<group>"; };
		63AF45D12977CE4B0014B1E1 /* MyPageView.swift */ = {isa = PBXFileReference; fileEncoding = 4; lastKnownFileType = sourcecode.swift; path = MyPageView.swift; sourceTree = "<group>"; };
		63AF45D22977CE4B0014B1E1 /* BookmarkCellView.swift */ = {isa = PBXFileReference; fileEncoding = 4; lastKnownFileType = sourcecode.swift; path = BookmarkCellView.swift; sourceTree = "<group>"; };
		63AF45D42977CE4C0014B1E1 /* SettingView.swift */ = {isa = PBXFileReference; fileEncoding = 4; lastKnownFileType = sourcecode.swift; path = SettingView.swift; sourceTree = "<group>"; };
		63AF45D52977CE4C0014B1E1 /* ProfileSettingView.swift */ = {isa = PBXFileReference; fileEncoding = 4; lastKnownFileType = sourcecode.swift; path = ProfileSettingView.swift; sourceTree = "<group>"; };
		63AF45DC2977CE5E0014B1E1 /* MyCampingDiaryView.swift */ = {isa = PBXFileReference; fileEncoding = 4; lastKnownFileType = sourcecode.swift; path = MyCampingDiaryView.swift; sourceTree = "<group>"; };
		63AF45DD2977CE5E0014B1E1 /* DiaryAddView.swift */ = {isa = PBXFileReference; fileEncoding = 4; lastKnownFileType = sourcecode.swift; path = DiaryAddView.swift; sourceTree = "<group>"; };
		63AF45DE2977CE5E0014B1E1 /* DiaryDetailView.swift */ = {isa = PBXFileReference; fileEncoding = 4; lastKnownFileType = sourcecode.swift; path = DiaryDetailView.swift; sourceTree = "<group>"; };
		63AF45E22977CE650014B1E1 /* CampingSpotListView.swift */ = {isa = PBXFileReference; fileEncoding = 4; lastKnownFileType = sourcecode.swift; path = CampingSpotListView.swift; sourceTree = "<group>"; };
		63AF45E32977CE650014B1E1 /* CampingSpotDetailView.swift */ = {isa = PBXFileReference; fileEncoding = 4; lastKnownFileType = sourcecode.swift; path = CampingSpotDetailView.swift; sourceTree = "<group>"; };
		63AF45E42977CE650014B1E1 /* SearchCampingSpotView.swift */ = {isa = PBXFileReference; fileEncoding = 4; lastKnownFileType = sourcecode.swift; path = SearchCampingSpotView.swift; sourceTree = "<group>"; };
		63BC803A298C8EF30088AC02 /* EmptyCampingSpotListCell.swift */ = {isa = PBXFileReference; lastKnownFileType = sourcecode.swift; path = EmptyCampingSpotListCell.swift; sourceTree = "<group>"; };
		63BC803E298C97380088AC02 /* FirebaseCampingSpotService.swift */ = {isa = PBXFileReference; lastKnownFileType = sourcecode.swift; path = FirebaseCampingSpotService.swift; sourceTree = "<group>"; };
		63D1822C2993D53B00293727 /* CampingSpotListSearchingView.swift */ = {isa = PBXFileReference; lastKnownFileType = sourcecode.swift; path = CampingSpotListSearchingView.swift; sourceTree = "<group>"; };
		63F8426B298FB5FF006A9433 /* CampingSpotListRaw.swift */ = {isa = PBXFileReference; fileEncoding = 4; lastKnownFileType = sourcecode.swift; path = CampingSpotListRaw.swift; sourceTree = "<group>"; };
		6E11BE2E298C90390019E963 /* LottieView.swift */ = {isa = PBXFileReference; lastKnownFileType = sourcecode.swift; path = LottieView.swift; sourceTree = "<group>"; };
		6E11BE30298C905C0019E963 /* campfire.json */ = {isa = PBXFileReference; fileEncoding = 4; lastKnownFileType = text.json; path = campfire.json; sourceTree = "<group>"; };
		6E11BE342990E6A80019E963 /* SplashScreenView.swift */ = {isa = PBXFileReference; lastKnownFileType = sourcecode.swift; path = SplashScreenView.swift; sourceTree = "<group>"; };
		6E688DF72991E127006DCEE5 /* DescribeCampView.swift */ = {isa = PBXFileReference; lastKnownFileType = sourcecode.swift; path = DescribeCampView.swift; sourceTree = "<group>"; };
		6E688DF92991E136006DCEE5 /* DescribePictureView.swift */ = {isa = PBXFileReference; lastKnownFileType = sourcecode.swift; path = DescribePictureView.swift; sourceTree = "<group>"; };
		6E688DFB2991E141006DCEE5 /* DescribeDiaryView.swift */ = {isa = PBXFileReference; lastKnownFileType = sourcecode.swift; path = DescribeDiaryView.swift; sourceTree = "<group>"; };
		6E688DFD2991E153006DCEE5 /* OnboardingTabView.swift */ = {isa = PBXFileReference; lastKnownFileType = sourcecode.swift; path = OnboardingTabView.swift; sourceTree = "<group>"; };
		6E688E0F2991F0FE006DCEE5 /* tent.json */ = {isa = PBXFileReference; fileEncoding = 4; lastKnownFileType = text.json; path = tent.json; sourceTree = "<group>"; };
		6E688E1129920F5D006DCEE5 /* diary_lottie.json */ = {isa = PBXFileReference; fileEncoding = 4; lastKnownFileType = text.json; path = diary_lottie.json; sourceTree = "<group>"; };
		6E688E1329920F7B006DCEE5 /* picture_lottie.json */ = {isa = PBXFileReference; fileEncoding = 4; lastKnownFileType = text.json; path = picture_lottie.json; sourceTree = "<group>"; };
		6E688E16299220B7006DCEE5 /* ContactUsView.swift */ = {isa = PBXFileReference; lastKnownFileType = sourcecode.swift; path = ContactUsView.swift; sourceTree = "<group>"; wrapsLines = 1; };
		6E688E3929923506006DCEE5 /* ContactMail.swift */ = {isa = PBXFileReference; lastKnownFileType = sourcecode.swift; path = ContactMail.swift; sourceTree = "<group>"; };
		6E688E3B29923542006DCEE5 /* MailView.swift */ = {isa = PBXFileReference; lastKnownFileType = sourcecode.swift; path = MailView.swift; sourceTree = "<group>"; };
		6E8CACBD2994E4BD000C2274 /* BlockedUserStore.swift */ = {isa = PBXFileReference; lastKnownFileType = sourcecode.swift; path = BlockedUserStore.swift; sourceTree = "<group>"; };
		6E8CACBF2994EAB1000C2274 /* FirebaseBlockedUserService.swift */ = {isa = PBXFileReference; lastKnownFileType = sourcecode.swift; path = FirebaseBlockedUserService.swift; sourceTree = "<group>"; };
		6E96013A298A32D6009C60F2 /* FullMapView.swift */ = {isa = PBXFileReference; lastKnownFileType = sourcecode.swift; path = FullMapView.swift; sourceTree = "<group>"; };
		790B62D829792A4D0048C110 /* Comment.swift */ = {isa = PBXFileReference; lastKnownFileType = sourcecode.swift; path = Comment.swift; sourceTree = "<group>"; };
		790B62DA29792B4C0048C110 /* CommentStore.swift */ = {isa = PBXFileReference; lastKnownFileType = sourcecode.swift; path = CommentStore.swift; sourceTree = "<group>"; };
		790B62F5297A2D710048C110 /* Config.xcconfig */ = {isa = PBXFileReference; lastKnownFileType = text.xcconfig; path = Config.xcconfig; sourceTree = "<group>"; };
		792C42412990CAD200B7772C /* PrivacyView.swift */ = {isa = PBXFileReference; lastKnownFileType = sourcecode.swift; path = PrivacyView.swift; sourceTree = "<group>"; };
		792C42432990D0A800B7772C /* PasswordChangeView.swift */ = {isa = PBXFileReference; lastKnownFileType = sourcecode.swift; path = PasswordChangeView.swift; sourceTree = "<group>"; };
		794ACB1D299929950037DDDD /* DiaryEditView.swift */ = {isa = PBXFileReference; lastKnownFileType = sourcecode.swift; path = DiaryEditView.swift; sourceTree = "<group>"; };
		7970EFF5299B65D500A9AC7C /* DiaryAddDetailImageView.swift */ = {isa = PBXFileReference; lastKnownFileType = sourcecode.swift; path = DiaryAddDetailImageView.swift; sourceTree = "<group>"; };
		7C20C2FF299380DF0030CB21 /* FirebaseDiaryLikeService.swift */ = {isa = PBXFileReference; lastKnownFileType = sourcecode.swift; path = FirebaseDiaryLikeService.swift; sourceTree = "<group>"; };
		7C20C30129938CC90030CB21 /* DiaryLIkeStore.swift */ = {isa = PBXFileReference; lastKnownFileType = sourcecode.swift; path = DiaryLIkeStore.swift; sourceTree = "<group>"; };
		7C294CAB299513570024CEA9 /* BlockUserEditView.swift */ = {isa = PBXFileReference; lastKnownFileType = sourcecode.swift; path = BlockUserEditView.swift; sourceTree = "<group>"; };
		7C3E8BD92992222600A6C1D6 /* DiaryCommentCellView.swift */ = {isa = PBXFileReference; lastKnownFileType = sourcecode.swift; path = DiaryCommentCellView.swift; sourceTree = "<group>"; };
		7C6A94AB2992BE6900B0E125 /* DiaryEmptyView.swift */ = {isa = PBXFileReference; lastKnownFileType = sourcecode.swift; path = DiaryEmptyView.swift; sourceTree = "<group>"; };
		7C715C972977E056009BC678 /* Diary.swift */ = {isa = PBXFileReference; lastKnownFileType = sourcecode.swift; path = Diary.swift; sourceTree = "<group>"; };
		7C95F190298A55120095A6BC /* GoogleService-Info.plist */ = {isa = PBXFileReference; fileEncoding = 4; lastKnownFileType = text.plist.xml; path = "GoogleService-Info.plist"; sourceTree = "<group>"; };
		7CA272FD2991CE6600443111 /* DiaryLockedView.swift */ = {isa = PBXFileReference; lastKnownFileType = sourcecode.swift; path = DiaryLockedView.swift; sourceTree = "<group>"; };
		7CACABBE299947E30044520F /* PinchZoomAndDrag.swift */ = {isa = PBXFileReference; lastKnownFileType = sourcecode.swift; path = PinchZoomAndDrag.swift; sourceTree = "<group>"; };
		7CC3AD4D29890970002EF992 /* DiaryStore.swift */ = {isa = PBXFileReference; fileEncoding = 4; lastKnownFileType = sourcecode.swift; path = DiaryStore.swift; sourceTree = "<group>"; };
		7CC3AD4F29890974002EF992 /* FirebaseDiaryService.swift */ = {isa = PBXFileReference; fileEncoding = 4; lastKnownFileType = sourcecode.swift; path = FirebaseDiaryService.swift; sourceTree = "<group>"; };
		7CD6570A298C91B000889FF3 /* LocalAuthentication.swift */ = {isa = PBXFileReference; lastKnownFileType = sourcecode.swift; path = LocalAuthentication.swift; sourceTree = "<group>"; };
		7CD6570D298D07EB00889FF3 /* BookmarkStore.swift */ = {isa = PBXFileReference; fileEncoding = 4; lastKnownFileType = sourcecode.swift; path = BookmarkStore.swift; sourceTree = "<group>"; };
		7CDDE5B1299B44DF000610CA /* KeyboardSetting.swift */ = {isa = PBXFileReference; lastKnownFileType = sourcecode.swift; path = KeyboardSetting.swift; sourceTree = "<group>"; };
		7CFCE1292987549700E196AF /* RealtimeCampingView.swift */ = {isa = PBXFileReference; fileEncoding = 4; lastKnownFileType = sourcecode.swift; path = RealtimeCampingView.swift; sourceTree = "<group>"; };
		7CFCE12C2987549F00E196AF /* WeeklyPopulerCampingView.swift */ = {isa = PBXFileReference; fileEncoding = 4; lastKnownFileType = sourcecode.swift; path = WeeklyPopulerCampingView.swift; sourceTree = "<group>"; };
		7CFCE12E2987551F00E196AF /* LoginPasswordView.swift */ = {isa = PBXFileReference; fileEncoding = 4; lastKnownFileType = sourcecode.swift; path = LoginPasswordView.swift; sourceTree = "<group>"; };
		AD1FED35298B930F001FB3E5 /* FirebaseScheduleService.swift */ = {isa = PBXFileReference; lastKnownFileType = sourcecode.swift; path = FirebaseScheduleService.swift; sourceTree = "<group>"; };
		AD21BAE22989F28C007ED6B7 /* FirebaseCommentService.swift */ = {isa = PBXFileReference; lastKnownFileType = sourcecode.swift; path = FirebaseCommentService.swift; sourceTree = "<group>"; };
		AD373AF92977D68A00E1236A /* DiaryCellView.swift */ = {isa = PBXFileReference; lastKnownFileType = sourcecode.swift; path = DiaryCellView.swift; sourceTree = "<group>"; };
		AD672120298CA983008C34B3 /* WholeAuthStore.swift */ = {isa = PBXFileReference; lastKnownFileType = sourcecode.swift; path = WholeAuthStore.swift; sourceTree = "<group>"; };
		AD672122298CBFB0008C34B3 /* FirebaseUserService.swift */ = {isa = PBXFileReference; lastKnownFileType = sourcecode.swift; path = FirebaseUserService.swift; sourceTree = "<group>"; };
		AD672124298CE2BB008C34B3 /* AuthEmailService.swift */ = {isa = PBXFileReference; lastKnownFileType = sourcecode.swift; path = AuthEmailService.swift; sourceTree = "<group>"; };
		AD851263299B735B00FA8E2E /* ScrollViewHelper.swift */ = {isa = PBXFileReference; lastKnownFileType = sourcecode.swift; path = ScrollViewHelper.swift; sourceTree = "<group>"; };
		ADDB3C0E2990C12600EF82E3 /* AuthKakaoService.swift */ = {isa = PBXFileReference; lastKnownFileType = sourcecode.swift; path = AuthKakaoService.swift; sourceTree = "<group>"; };
		CA27A626298CA81700A6AEE5 /* TaskCellView.swift */ = {isa = PBXFileReference; lastKnownFileType = sourcecode.swift; path = TaskCellView.swift; sourceTree = "<group>"; };
		CA27A62C298CE95500A6AEE5 /* FirebaseBookmarkService.swift */ = {isa = PBXFileReference; lastKnownFileType = sourcecode.swift; path = FirebaseBookmarkService.swift; sourceTree = "<group>"; };
		CA27A63929937DB400A6AEE5 /* LocalNotificationCenter.swift */ = {isa = PBXFileReference; lastKnownFileType = sourcecode.swift; path = LocalNotificationCenter.swift; sourceTree = "<group>"; };
		CA27A63D29962FE300A6AEE5 /* LocalNotification.swift */ = {isa = PBXFileReference; lastKnownFileType = sourcecode.swift; path = LocalNotification.swift; sourceTree = "<group>"; };
		CA27A63F2996320B00A6AEE5 /* NotificationSettingsView.swift */ = {isa = PBXFileReference; lastKnownFileType = sourcecode.swift; path = NotificationSettingsView.swift; sourceTree = "<group>"; };
		CA27A64D299B288300A6AEE5 /* ReportStore.swift */ = {isa = PBXFileReference; lastKnownFileType = sourcecode.swift; path = ReportStore.swift; sourceTree = "<group>"; };
		CA27A64F299B28A300A6AEE5 /* FirebaseReportService.swift */ = {isa = PBXFileReference; lastKnownFileType = sourcecode.swift; path = FirebaseReportService.swift; sourceTree = "<group>"; };
		CA27A651299B291600A6AEE5 /* ReportedDiary.swift */ = {isa = PBXFileReference; lastKnownFileType = sourcecode.swift; path = ReportedDiary.swift; sourceTree = "<group>"; };
		CA27A653299B455300A6AEE5 /* ReportView.swift */ = {isa = PBXFileReference; lastKnownFileType = sourcecode.swift; path = ReportView.swift; sourceTree = "<group>"; };
		CA27A657299B4B9C00A6AEE5 /* WaitingView.swift */ = {isa = PBXFileReference; lastKnownFileType = sourcecode.swift; path = WaitingView.swift; sourceTree = "<group>"; };
		CA729F3229792DE000CCC3BB /* CalendarView.swift */ = {isa = PBXFileReference; lastKnownFileType = sourcecode.swift; path = CalendarView.swift; sourceTree = "<group>"; };
		CA729F342979315400CCC3BB /* CustomDatePickerView.swift */ = {isa = PBXFileReference; lastKnownFileType = sourcecode.swift; path = CustomDatePickerView.swift; sourceTree = "<group>"; };
		CA729F382979340600CCC3BB /* Schedule.swift */ = {isa = PBXFileReference; lastKnownFileType = sourcecode.swift; path = Schedule.swift; sourceTree = "<group>"; };
		CA729F3B297A6C4B00CCC3BB /* AddScheduleView.swift */ = {isa = PBXFileReference; lastKnownFileType = sourcecode.swift; path = AddScheduleView.swift; sourceTree = "<group>"; };
		CA729F422988FCBA00CCC3BB /* ScheduleStore.swift */ = {isa = PBXFileReference; lastKnownFileType = sourcecode.swift; path = ScheduleStore.swift; sourceTree = "<group>"; };
/* End PBXFileReference section */

/* Begin PBXFrameworksBuildPhase section */
		630ADB482977CC6C000A517B /* Frameworks */ = {
			isa = PBXFrameworksBuildPhase;
			buildActionMask = 2147483647;
			files = (
				6E996E83297A4E290085D914 /* GoogleSignInSwift in Frameworks */,
				63AF45A42977CD9C0014B1E1 /* FirebaseAuth in Frameworks */,
				6E996E81297A4E290085D914 /* GoogleSignIn in Frameworks */,
				790B62E2297A28E00048C110 /* KakaoSDK in Frameworks */,
				7C3FC49729877C7200E96A01 /* SDWebImageSwiftUI in Frameworks */,
				790B62E8297A28E00048C110 /* KakaoSDKCommonCore in Frameworks */,
				6E11BE2D298C8FD60019E963 /* Lottie in Frameworks */,
				790B62EE297A28E00048C110 /* KakaoSDKStory in Frameworks */,
				790B62EA297A28E00048C110 /* KakaoSDKNavi in Frameworks */,
				790B62F2297A28E00048C110 /* KakaoSDKTemplate in Frameworks */,
				63AF45A62977CD9C0014B1E1 /* FirebaseFirestore in Frameworks */,
				63AF45A82977CD9C0014B1E1 /* FirebaseStorage in Frameworks */,
				790B62F4297A28E00048C110 /* KakaoSDKUser in Frameworks */,
				790B62F0297A28E00048C110 /* KakaoSDKTalk in Frameworks */,
				AD2DBF5229940009008534BA /* AlertToast in Frameworks */,
				790B62E6297A28E00048C110 /* KakaoSDKCommon in Frameworks */,
				6E688E3F29923827006DCEE5 /* SwiftUIMailView in Frameworks */,
				AD851262299B729000FA8E2E /* Introspect in Frameworks */,
				790B62E4297A28E00048C110 /* KakaoSDKAuth in Frameworks */,
				63757FE9299B655C001435C4 /* FirebaseAnalyticsSwift in Frameworks */,
				63757FE7299B655C001435C4 /* FirebaseAnalytics in Frameworks */,
				790B62EC297A28E00048C110 /* KakaoSDKShare in Frameworks */,
			);
			runOnlyForDeploymentPostprocessing = 0;
		};
/* End PBXFrameworksBuildPhase section */

/* Begin PBXGroup section */
		630ADB422977CC6C000A517B = {
			isa = PBXGroup;
			children = (
				630ADB4D2977CC6C000A517B /* BootCamping */,
				630ADB4C2977CC6C000A517B /* Products */,
				CA27A62E2990F0E200A6AEE5 /* Frameworks */,
			);
			sourceTree = "<group>";
		};
		630ADB4C2977CC6C000A517B /* Products */ = {
			isa = PBXGroup;
			children = (
				630ADB4B2977CC6C000A517B /* BootCamping.app */,
			);
			name = Products;
			sourceTree = "<group>";
		};
		630ADB4D2977CC6C000A517B /* BootCamping */ = {
			isa = PBXGroup;
			children = (
				630ADB4E2977CC6C000A517B /* BootCampingApp.swift */,
				6E11BE342990E6A80019E963 /* SplashScreenView.swift */,
				CA27A63829937D9000A6AEE5 /* APNS */,
				63AF45B02977CDBC0014B1E1 /* Models */,
				ADF535D22988B3980003AD13 /* Service */,
				63AF45B32977CDC90014B1E1 /* ViewModels */,
				63AF45B62977CDD50014B1E1 /* Views */,
				63AF45A92977CDA30014B1E1 /* Components */,
				630ADB522977CC6D000A517B /* Assets.xcassets */,
				7C95F190298A55120095A6BC /* GoogleService-Info.plist */,
				630ADB542977CC6D000A517B /* BootCamping.entitlements */,
				630ADB552977CC6D000A517B /* Preview Content */,
				790B62F5297A2D710048C110 /* Config.xcconfig */,
			);
			path = BootCamping;
			sourceTree = "<group>";
		};
		630ADB552977CC6D000A517B /* Preview Content */ = {
			isa = PBXGroup;
			children = (
				630ADB562977CC6D000A517B /* Preview Assets.xcassets */,
			);
			path = "Preview Content";
			sourceTree = "<group>";
		};
		63665586297CF47D0058622D /* Login */ = {
			isa = PBXGroup;
			children = (
				63AF45BA2977CDE20014B1E1 /* LoginView.swift */,
				7CFCE12E2987551F00E196AF /* LoginPasswordView.swift */,
				63665587297CF4890058622D /* SignUp */,
			);
			path = Login;
			sourceTree = "<group>";
		};
		63665587297CF4890058622D /* SignUp */ = {
			isa = PBXGroup;
			children = (
				63AF45B82977CDE20014B1E1 /* AuthSignUpView.swift */,
			);
			path = SignUp;
			sourceTree = "<group>";
		};
		63AF45A92977CDA30014B1E1 /* Components */ = {
			isa = PBXGroup;
			children = (
				6E688E1529921E91006DCEE5 /* Lottie */,
				63AF45AC2977CDB40014B1E1 /* Date.swift */,
				63AF45AA2977CDB40014B1E1 /* UIScreen+Extension.swift */,
				63AF45AB2977CDB40014B1E1 /* ViewModifiers.swift */,
				7CACABBE299947E30044520F /* PinchZoomAndDrag.swift */,
				7CDDE5B1299B44DF000610CA /* KeyboardSetting.swift */,
			);
			path = Components;
			sourceTree = "<group>";
		};
		63AF45B02977CDBC0014B1E1 /* Models */ = {
			isa = PBXGroup;
			children = (
				639129E82979291D00F6EDD7 /* Places.swift */,
				63AF45B12977CDC60014B1E1 /* User.swift */,
				790B62D829792A4D0048C110 /* Comment.swift */,
				7C715C972977E056009BC678 /* Diary.swift */,
				CA729F382979340600CCC3BB /* Schedule.swift */,
				63463A442990EF260000F523 /* Filtering.swift */,
				6E688E3929923506006DCEE5 /* ContactMail.swift */,
				CA27A651299B291600A6AEE5 /* ReportedDiary.swift */,
			);
			path = Models;
			sourceTree = "<group>";
		};
		63AF45B32977CDC90014B1E1 /* ViewModels */ = {
			isa = PBXGroup;
			children = (
				AD672120298CA983008C34B3 /* WholeAuthStore.swift */,
				CA729F422988FCBA00CCC3BB /* ScheduleStore.swift */,
				790B62DA29792B4C0048C110 /* CommentStore.swift */,
				639129EE29792CB700F6EDD7 /* CapmingSpotStore.swift */,
				7CC3AD4D29890970002EF992 /* DiaryStore.swift */,
				7CD6570D298D07EB00889FF3 /* BookmarkStore.swift */,
				6E8CACBD2994E4BD000C2274 /* BlockedUserStore.swift */,
				7C20C30129938CC90030CB21 /* DiaryLIkeStore.swift */,
				7CD6570A298C91B000889FF3 /* LocalAuthentication.swift */,
				AD851263299B735B00FA8E2E /* ScrollViewHelper.swift */,
				CA27A64D299B288300A6AEE5 /* ReportStore.swift */,
			);
			path = ViewModels;
			sourceTree = "<group>";
		};
		63AF45B62977CDD50014B1E1 /* Views */ = {
			isa = PBXGroup;
			children = (
				630ADB502977CC6C000A517B /* ContentView.swift */,
				6E688DF62991E000006DCEE5 /* Onboarding */,
				63AF45BE2977CDF00014B1E1 /* Home */,
				63AF45CD2977CE250014B1E1 /* SearchCampingSpot */,
				63AF45CE2977CE320014B1E1 /* MyCampingDiary */,
				63AF45CF2977CE3C0014B1E1 /* MyPage */,
				63AF45B72977CDDA0014B1E1 /* Auth */,
			);
			path = Views;
			sourceTree = "<group>";
		};
		63AF45B72977CDDA0014B1E1 /* Auth */ = {
			isa = PBXGroup;
			children = (
				63665586297CF47D0058622D /* Login */,
			);
			path = Auth;
			sourceTree = "<group>";
		};
		63AF45BE2977CDF00014B1E1 /* Home */ = {
			isa = PBXGroup;
			children = (
				63AF45BF2977CDF90014B1E1 /* HomeView.swift */,
				7CFCE12C2987549F00E196AF /* WeeklyPopulerCampingView.swift */,
				7CFCE1292987549700E196AF /* RealtimeCampingView.swift */,
			);
			path = Home;
			sourceTree = "<group>";
		};
		63AF45CD2977CE250014B1E1 /* SearchCampingSpot */ = {
			isa = PBXGroup;
			children = (
				63AF45E42977CE650014B1E1 /* SearchCampingSpotView.swift */,
				63D1822C2993D53B00293727 /* CampingSpotListSearchingView.swift */,
				63AF45E22977CE650014B1E1 /* CampingSpotListView.swift */,
				63F8426B298FB5FF006A9433 /* CampingSpotListRaw.swift */,
				63AF45E32977CE650014B1E1 /* CampingSpotDetailView.swift */,
				6E96013A298A32D6009C60F2 /* FullMapView.swift */,
				63BC803A298C8EF30088AC02 /* EmptyCampingSpotListCell.swift */,
				633DF94629948EE000B29C91 /* SearchByCampingSpotNameView.swift */,
				6367B5562996307100CA2F1B /* DiaryListForCampingSpotView.swift */,
			);
			path = SearchCampingSpot;
			sourceTree = "<group>";
		};
		63AF45CE2977CE320014B1E1 /* MyCampingDiary */ = {
			isa = PBXGroup;
			children = (
				63AF45DC2977CE5E0014B1E1 /* MyCampingDiaryView.swift */,
				AD373AF92977D68A00E1236A /* DiaryCellView.swift */,
				63AF45DE2977CE5E0014B1E1 /* DiaryDetailView.swift */,
				63AF45DD2977CE5E0014B1E1 /* DiaryAddView.swift */,
				7970EFF5299B65D500A9AC7C /* DiaryAddDetailImageView.swift */,
				7CA272FD2991CE6600443111 /* DiaryLockedView.swift */,
				7C6A94AB2992BE6900B0E125 /* DiaryEmptyView.swift */,
				7C3E8BD92992222600A6C1D6 /* DiaryCommentCellView.swift */,
				794ACB1D299929950037DDDD /* DiaryEditView.swift */,
				CA27A656299B49F100A6AEE5 /* Report */,
			);
			path = MyCampingDiary;
			sourceTree = "<group>";
		};
		63AF45CF2977CE3C0014B1E1 /* MyPage */ = {
			isa = PBXGroup;
			children = (
				63AF45D52977CE4C0014B1E1 /* ProfileSettingView.swift */,
				792C42452990D18700B7772C /* Setting */,
				CA729F3029792D7200CCC3BB /* MyPageView */,
			);
			path = MyPage;
			sourceTree = "<group>";
		};
		6E688DF62991E000006DCEE5 /* Onboarding */ = {
			isa = PBXGroup;
			children = (
				6E688DF72991E127006DCEE5 /* DescribeCampView.swift */,
				6E688DF92991E136006DCEE5 /* DescribePictureView.swift */,
				6E688DFB2991E141006DCEE5 /* DescribeDiaryView.swift */,
				6E688DFD2991E153006DCEE5 /* OnboardingTabView.swift */,
			);
			path = Onboarding;
			sourceTree = "<group>";
		};
		6E688E1529921E91006DCEE5 /* Lottie */ = {
			isa = PBXGroup;
			children = (
				6E11BE2E298C90390019E963 /* LottieView.swift */,
				6E688E0F2991F0FE006DCEE5 /* tent.json */,
				6E11BE30298C905C0019E963 /* campfire.json */,
				6E688E1129920F5D006DCEE5 /* diary_lottie.json */,
				6E688E1329920F7B006DCEE5 /* picture_lottie.json */,
			);
			path = Lottie;
			sourceTree = "<group>";
		};
		792C42452990D18700B7772C /* Setting */ = {
			isa = PBXGroup;
			children = (
				63AF45D42977CE4C0014B1E1 /* SettingView.swift */,
				6E688E16299220B7006DCEE5 /* ContactUsView.swift */,
				6E688E3B29923542006DCEE5 /* MailView.swift */,
				792C42412990CAD200B7772C /* PrivacyView.swift */,
				792C42432990D0A800B7772C /* PasswordChangeView.swift */,
				7C294CAB299513570024CEA9 /* BlockUserEditView.swift */,
				CA27A63F2996320B00A6AEE5 /* NotificationSettingsView.swift */,
			);
			path = Setting;
			sourceTree = "<group>";
		};
		ADF535D22988B3980003AD13 /* Service */ = {
			isa = PBXGroup;
			children = (
				7CC3AD4F29890974002EF992 /* FirebaseDiaryService.swift */,
				AD21BAE22989F28C007ED6B7 /* FirebaseCommentService.swift */,
				AD1FED35298B930F001FB3E5 /* FirebaseScheduleService.swift */,
				63BC803E298C97380088AC02 /* FirebaseCampingSpotService.swift */,
				AD672122298CBFB0008C34B3 /* FirebaseUserService.swift */,
				AD672124298CE2BB008C34B3 /* AuthEmailService.swift */,
				ADDB3C0E2990C12600EF82E3 /* AuthKakaoService.swift */,
				CA27A62C298CE95500A6AEE5 /* FirebaseBookmarkService.swift */,
				6E8CACBF2994EAB1000C2274 /* FirebaseBlockedUserService.swift */,
				7C20C2FF299380DF0030CB21 /* FirebaseDiaryLikeService.swift */,
				CA27A64F299B28A300A6AEE5 /* FirebaseReportService.swift */,
			);
			path = Service;
			sourceTree = "<group>";
		};
		CA27A62E2990F0E200A6AEE5 /* Frameworks */ = {
			isa = PBXGroup;
			children = (
			);
			name = Frameworks;
			sourceTree = "<group>";
		};
		CA27A63829937D9000A6AEE5 /* APNS */ = {
			isa = PBXGroup;
			children = (
				CA27A63929937DB400A6AEE5 /* LocalNotificationCenter.swift */,
				CA27A63D29962FE300A6AEE5 /* LocalNotification.swift */,
			);
			path = APNS;
			sourceTree = "<group>";
		};
		CA27A656299B49F100A6AEE5 /* Report */ = {
			isa = PBXGroup;
			children = (
				CA27A653299B455300A6AEE5 /* ReportView.swift */,
				CA27A657299B4B9C00A6AEE5 /* WaitingView.swift */,
			);
			path = Report;
			sourceTree = "<group>";
		};
		CA729F3029792D7200CCC3BB /* MyPageView */ = {
			isa = PBXGroup;
			children = (
				63AF45D22977CE4B0014B1E1 /* BookmarkCellView.swift */,
				63AF45D12977CE4B0014B1E1 /* MyPageView.swift */,
				CA729F3229792DE000CCC3BB /* CalendarView.swift */,
				CA729F3B297A6C4B00CCC3BB /* AddScheduleView.swift */,
				CA729F342979315400CCC3BB /* CustomDatePickerView.swift */,
				CA27A626298CA81700A6AEE5 /* TaskCellView.swift */,
			);
			path = MyPageView;
			sourceTree = "<group>";
		};
/* End PBXGroup section */

/* Begin PBXNativeTarget section */
		630ADB4A2977CC6C000A517B /* BootCamping */ = {
			isa = PBXNativeTarget;
			buildConfigurationList = 630ADB5A2977CC6D000A517B /* Build configuration list for PBXNativeTarget "BootCamping" */;
			buildPhases = (
				630ADB472977CC6C000A517B /* Sources */,
				630ADB482977CC6C000A517B /* Frameworks */,
				630ADB492977CC6C000A517B /* Resources */,
			);
			buildRules = (
			);
			dependencies = (
			);
			name = BootCamping;
			packageProductDependencies = (
				63AF45A32977CD9C0014B1E1 /* FirebaseAuth */,
				63AF45A52977CD9C0014B1E1 /* FirebaseFirestore */,
				63AF45A72977CD9C0014B1E1 /* FirebaseStorage */,
				6E996E80297A4E290085D914 /* GoogleSignIn */,
				6E996E82297A4E290085D914 /* GoogleSignInSwift */,
				790B62E1297A28E00048C110 /* KakaoSDK */,
				790B62E3297A28E00048C110 /* KakaoSDKAuth */,
				790B62E5297A28E00048C110 /* KakaoSDKCommon */,
				790B62E7297A28E00048C110 /* KakaoSDKCommonCore */,
				790B62E9297A28E00048C110 /* KakaoSDKNavi */,
				790B62EB297A28E00048C110 /* KakaoSDKShare */,
				790B62ED297A28E00048C110 /* KakaoSDKStory */,
				790B62EF297A28E00048C110 /* KakaoSDKTalk */,
				790B62F1297A28E00048C110 /* KakaoSDKTemplate */,
				790B62F3297A28E00048C110 /* KakaoSDKUser */,
				7C3FC49629877C7200E96A01 /* SDWebImageSwiftUI */,
				6E11BE2C298C8FD60019E963 /* Lottie */,
				6E688E3E29923827006DCEE5 /* SwiftUIMailView */,
				AD2DBF5129940009008534BA /* AlertToast */,
				AD851261299B729000FA8E2E /* Introspect */,
				63757FE6299B655C001435C4 /* FirebaseAnalytics */,
				63757FE8299B655C001435C4 /* FirebaseAnalyticsSwift */,
			);
			productName = BootCamping;
			productReference = 630ADB4B2977CC6C000A517B /* BootCamping.app */;
			productType = "com.apple.product-type.application";
		};
/* End PBXNativeTarget section */

/* Begin PBXProject section */
		630ADB432977CC6C000A517B /* Project object */ = {
			isa = PBXProject;
			attributes = {
				BuildIndependentTargetsInParallel = 1;
				LastSwiftUpdateCheck = 1420;
				LastUpgradeCheck = 1420;
				TargetAttributes = {
					630ADB4A2977CC6C000A517B = {
						CreatedOnToolsVersion = 14.2;
					};
				};
			};
			buildConfigurationList = 630ADB462977CC6C000A517B /* Build configuration list for PBXProject "BootCamping" */;
			compatibilityVersion = "Xcode 14.0";
			developmentRegion = en;
			hasScannedForEncodings = 0;
			knownRegions = (
				en,
				Base,
				ko,
			);
			mainGroup = 630ADB422977CC6C000A517B;
			packageReferences = (
				63AF45A22977CD9C0014B1E1 /* XCRemoteSwiftPackageReference "firebase-ios-sdk" */,
				6E996E7F297A4E290085D914 /* XCRemoteSwiftPackageReference "GoogleSignIn-iOS" */,
				790B62E0297A28E00048C110 /* XCRemoteSwiftPackageReference "kakao-ios-sdk" */,
				7C3FC49529877C7200E96A01 /* XCRemoteSwiftPackageReference "SDWebImageSwiftUI" */,
				6E11BE2B298C8FD60019E963 /* XCRemoteSwiftPackageReference "lottie-ios" */,
				6E688E3D29923827006DCEE5 /* XCRemoteSwiftPackageReference "swiftui-mail-view" */,
				AD2DBF5029940009008534BA /* XCRemoteSwiftPackageReference "AlertToast" */,
				7CF0DFDC2994E4E600F57D03 /* XCRemoteSwiftPackageReference "ChatScrollView" */,
				AD851260299B728F00FA8E2E /* XCRemoteSwiftPackageReference "SwiftUI-Introspect" */,
			);
			productRefGroup = 630ADB4C2977CC6C000A517B /* Products */;
			projectDirPath = "";
			projectRoot = "";
			targets = (
				630ADB4A2977CC6C000A517B /* BootCamping */,
			);
		};
/* End PBXProject section */

/* Begin PBXResourcesBuildPhase section */
		630ADB492977CC6C000A517B /* Resources */ = {
			isa = PBXResourcesBuildPhase;
			buildActionMask = 2147483647;
			files = (
				6E11BE31298C905D0019E963 /* campfire.json in Resources */,
				630ADB572977CC6D000A517B /* Preview Assets.xcassets in Resources */,
				6E688E102991F0FE006DCEE5 /* tent.json in Resources */,
				630ADB532977CC6D000A517B /* Assets.xcassets in Resources */,
				7C95F191298A55120095A6BC /* GoogleService-Info.plist in Resources */,
				6E688E1229920F5D006DCEE5 /* diary_lottie.json in Resources */,
				6E688E1429920F7B006DCEE5 /* picture_lottie.json in Resources */,
			);
			runOnlyForDeploymentPostprocessing = 0;
		};
/* End PBXResourcesBuildPhase section */

/* Begin PBXSourcesBuildPhase section */
		630ADB472977CC6C000A517B /* Sources */ = {
			isa = PBXSourcesBuildPhase;
			buildActionMask = 2147483647;
			files = (
				633DF94729948EE000B29C91 /* SearchByCampingSpotNameView.swift in Sources */,
				630ADB512977CC6C000A517B /* ContentView.swift in Sources */,
				6E688E17299220B7006DCEE5 /* ContactUsView.swift in Sources */,
				7CFCE12F2987551F00E196AF /* LoginPasswordView.swift in Sources */,
				CA27A650299B28A300A6AEE5 /* FirebaseReportService.swift in Sources */,
				63AF45DF2977CE5E0014B1E1 /* MyCampingDiaryView.swift in Sources */,
				7CC3AD4E29890970002EF992 /* DiaryStore.swift in Sources */,
				7CD6570F298D07EB00889FF3 /* BookmarkStore.swift in Sources */,
				CA27A63E29962FE400A6AEE5 /* LocalNotification.swift in Sources */,
				7CC3AD5029890974002EF992 /* FirebaseDiaryService.swift in Sources */,
				6E688E3C29923542006DCEE5 /* MailView.swift in Sources */,
				CA27A652299B291600A6AEE5 /* ReportedDiary.swift in Sources */,
				7CD6570B298C91B000889FF3 /* LocalAuthentication.swift in Sources */,
				63AF45AF2977CDB40014B1E1 /* Date.swift in Sources */,
				7C20C30229938CC90030CB21 /* DiaryLIkeStore.swift in Sources */,
				63AF45E72977CE650014B1E1 /* SearchCampingSpotView.swift in Sources */,
				63F8426C298FB5FF006A9433 /* CampingSpotListRaw.swift in Sources */,
				792C42442990D0A800B7772C /* PasswordChangeView.swift in Sources */,
				7C294CAC299513570024CEA9 /* BlockUserEditView.swift in Sources */,
				AD1FED36298B930F001FB3E5 /* FirebaseScheduleService.swift in Sources */,
				63AF45DA2977CE4C0014B1E1 /* SettingView.swift in Sources */,
				6E8CACC02994EAB1000C2274 /* FirebaseBlockedUserService.swift in Sources */,
				7C6A94AC2992BE6900B0E125 /* DiaryEmptyView.swift in Sources */,
				7CFCE12B2987549700E196AF /* RealtimeCampingView.swift in Sources */,
				CA729F352979315400CCC3BB /* CustomDatePickerView.swift in Sources */,
				63AF45BB2977CDE20014B1E1 /* AuthSignUpView.swift in Sources */,
				CA729F392979340600CCC3BB /* Schedule.swift in Sources */,
				7C715C982977E056009BC678 /* Diary.swift in Sources */,
				ADDB3C0F2990C12600EF82E3 /* AuthKakaoService.swift in Sources */,
				63BC803F298C97380088AC02 /* FirebaseCampingSpotService.swift in Sources */,
				63AF45E52977CE650014B1E1 /* CampingSpotListView.swift in Sources */,
				63BC803B298C8EF30088AC02 /* EmptyCampingSpotListCell.swift in Sources */,
				63AF45D72977CE4C0014B1E1 /* MyPageView.swift in Sources */,
				792C42422990CAD200B7772C /* PrivacyView.swift in Sources */,
				CA27A62D298CE95500A6AEE5 /* FirebaseBookmarkService.swift in Sources */,
				7CACABBF299947E30044520F /* PinchZoomAndDrag.swift in Sources */,
				6E688DFE2991E153006DCEE5 /* OnboardingTabView.swift in Sources */,
				63D1822D2993D53B00293727 /* CampingSpotListSearchingView.swift in Sources */,
				CA729F3329792DE000CCC3BB /* CalendarView.swift in Sources */,
				AD373AFA2977D68A00E1236A /* DiaryCellView.swift in Sources */,
				7CA272FE2991CE6600443111 /* DiaryLockedView.swift in Sources */,
				639129E92979291D00F6EDD7 /* Places.swift in Sources */,
				AD672121298CA983008C34B3 /* WholeAuthStore.swift in Sources */,
				63463A452990EF260000F523 /* Filtering.swift in Sources */,
				7CDDE5B2299B44DF000610CA /* KeyboardSetting.swift in Sources */,
				6E8CACBE2994E4BD000C2274 /* BlockedUserStore.swift in Sources */,
				CA729F3C297A6C4B00CCC3BB /* AddScheduleView.swift in Sources */,
				790B62DB29792B4C0048C110 /* CommentStore.swift in Sources */,
				63AF45C02977CDF90014B1E1 /* HomeView.swift in Sources */,
				AD851264299B735B00FA8E2E /* ScrollViewHelper.swift in Sources */,
				AD21BAE32989F28C007ED6B7 /* FirebaseCommentService.swift in Sources */,
				63AF45E02977CE5E0014B1E1 /* DiaryAddView.swift in Sources */,
				6E688DFA2991E136006DCEE5 /* DescribePictureView.swift in Sources */,
				794ACB1E299929950037DDDD /* DiaryEditView.swift in Sources */,
				CA27A658299B4B9C00A6AEE5 /* WaitingView.swift in Sources */,
				6E688E3A29923506006DCEE5 /* ContactMail.swift in Sources */,
				63AF45E12977CE5E0014B1E1 /* DiaryDetailView.swift in Sources */,
				CA27A63A29937DB400A6AEE5 /* LocalNotificationCenter.swift in Sources */,
				CA27A654299B455400A6AEE5 /* ReportView.swift in Sources */,
				CA27A64E299B288300A6AEE5 /* ReportStore.swift in Sources */,
				7C3E8BDA2992222600A6C1D6 /* DiaryCommentCellView.swift in Sources */,
				CA27A627298CA81700A6AEE5 /* TaskCellView.swift in Sources */,
				7C20C300299380DF0030CB21 /* FirebaseDiaryLikeService.swift in Sources */,
				7CFCE12D2987549F00E196AF /* WeeklyPopulerCampingView.swift in Sources */,
				63AF45D82977CE4C0014B1E1 /* BookmarkCellView.swift in Sources */,
				6E688DF82991E127006DCEE5 /* DescribeCampView.swift in Sources */,
				63AF45B22977CDC60014B1E1 /* User.swift in Sources */,
				63AF45E62977CE650014B1E1 /* CampingSpotDetailView.swift in Sources */,
				63AF45DB2977CE4C0014B1E1 /* ProfileSettingView.swift in Sources */,
				6E11BE2F298C90390019E963 /* LottieView.swift in Sources */,
				6E11BE352990E6A80019E963 /* SplashScreenView.swift in Sources */,
				CA729F432988FCBA00CCC3BB /* ScheduleStore.swift in Sources */,
				790B62D929792A4D0048C110 /* Comment.swift in Sources */,
				630ADB4F2977CC6C000A517B /* BootCampingApp.swift in Sources */,
				6367B5572996307100CA2F1B /* DiaryListForCampingSpotView.swift in Sources */,
				6E688DFC2991E141006DCEE5 /* DescribeDiaryView.swift in Sources */,
				7970EFF6299B65D500A9AC7C /* DiaryAddDetailImageView.swift in Sources */,
				CA27A6402996320B00A6AEE5 /* NotificationSettingsView.swift in Sources */,
				AD672123298CBFB0008C34B3 /* FirebaseUserService.swift in Sources */,
				639129EF29792CB700F6EDD7 /* CapmingSpotStore.swift in Sources */,
				63AF45AD2977CDB40014B1E1 /* UIScreen+Extension.swift in Sources */,
				AD672125298CE2BB008C34B3 /* AuthEmailService.swift in Sources */,
				63AF45BD2977CDE20014B1E1 /* LoginView.swift in Sources */,
				6E96013B298A32D6009C60F2 /* FullMapView.swift in Sources */,
				63AF45AE2977CDB40014B1E1 /* ViewModifiers.swift in Sources */,
			);
			runOnlyForDeploymentPostprocessing = 0;
		};
/* End PBXSourcesBuildPhase section */

/* Begin XCBuildConfiguration section */
		630ADB582977CC6D000A517B /* Debug */ = {
			isa = XCBuildConfiguration;
			baseConfigurationReference = 790B62F5297A2D710048C110 /* Config.xcconfig */;
			buildSettings = {
				ALWAYS_SEARCH_USER_PATHS = NO;
				CLANG_ANALYZER_NONNULL = YES;
				CLANG_ANALYZER_NUMBER_OBJECT_CONVERSION = YES_AGGRESSIVE;
				CLANG_CXX_LANGUAGE_STANDARD = "gnu++20";
				CLANG_ENABLE_MODULES = YES;
				CLANG_ENABLE_OBJC_ARC = YES;
				CLANG_ENABLE_OBJC_WEAK = YES;
				CLANG_WARN_BLOCK_CAPTURE_AUTORELEASING = YES;
				CLANG_WARN_BOOL_CONVERSION = YES;
				CLANG_WARN_COMMA = YES;
				CLANG_WARN_CONSTANT_CONVERSION = YES;
				CLANG_WARN_DEPRECATED_OBJC_IMPLEMENTATIONS = YES;
				CLANG_WARN_DIRECT_OBJC_ISA_USAGE = YES_ERROR;
				CLANG_WARN_DOCUMENTATION_COMMENTS = YES;
				CLANG_WARN_EMPTY_BODY = YES;
				CLANG_WARN_ENUM_CONVERSION = YES;
				CLANG_WARN_INFINITE_RECURSION = YES;
				CLANG_WARN_INT_CONVERSION = YES;
				CLANG_WARN_NON_LITERAL_NULL_CONVERSION = YES;
				CLANG_WARN_OBJC_IMPLICIT_RETAIN_SELF = YES;
				CLANG_WARN_OBJC_LITERAL_CONVERSION = YES;
				CLANG_WARN_OBJC_ROOT_CLASS = YES_ERROR;
				CLANG_WARN_QUOTED_INCLUDE_IN_FRAMEWORK_HEADER = YES;
				CLANG_WARN_RANGE_LOOP_ANALYSIS = YES;
				CLANG_WARN_STRICT_PROTOTYPES = YES;
				CLANG_WARN_SUSPICIOUS_MOVE = YES;
				CLANG_WARN_UNGUARDED_AVAILABILITY = YES_AGGRESSIVE;
				CLANG_WARN_UNREACHABLE_CODE = YES;
				CLANG_WARN__DUPLICATE_METHOD_MATCH = YES;
				COPY_PHASE_STRIP = NO;
				DEBUG_INFORMATION_FORMAT = dwarf;
				ENABLE_STRICT_OBJC_MSGSEND = YES;
				ENABLE_TESTABILITY = YES;
				GCC_C_LANGUAGE_STANDARD = gnu11;
				GCC_DYNAMIC_NO_PIC = NO;
				GCC_NO_COMMON_BLOCKS = YES;
				GCC_OPTIMIZATION_LEVEL = 0;
				GCC_PREPROCESSOR_DEFINITIONS = (
					"DEBUG=1",
					"$(inherited)",
				);
				GCC_WARN_64_TO_32_BIT_CONVERSION = YES;
				GCC_WARN_ABOUT_RETURN_TYPE = YES_ERROR;
				GCC_WARN_UNDECLARED_SELECTOR = YES;
				GCC_WARN_UNINITIALIZED_AUTOS = YES_AGGRESSIVE;
				GCC_WARN_UNUSED_FUNCTION = YES;
				GCC_WARN_UNUSED_VARIABLE = YES;
				MTL_ENABLE_DEBUG_INFO = INCLUDE_SOURCE;
				MTL_FAST_MATH = YES;
				ONLY_ACTIVE_ARCH = YES;
				SWIFT_ACTIVE_COMPILATION_CONDITIONS = DEBUG;
				SWIFT_OPTIMIZATION_LEVEL = "-Onone";
			};
			name = Debug;
		};
		630ADB592977CC6D000A517B /* Release */ = {
			isa = XCBuildConfiguration;
			baseConfigurationReference = 790B62F5297A2D710048C110 /* Config.xcconfig */;
			buildSettings = {
				ALWAYS_SEARCH_USER_PATHS = NO;
				CLANG_ANALYZER_NONNULL = YES;
				CLANG_ANALYZER_NUMBER_OBJECT_CONVERSION = YES_AGGRESSIVE;
				CLANG_CXX_LANGUAGE_STANDARD = "gnu++20";
				CLANG_ENABLE_MODULES = YES;
				CLANG_ENABLE_OBJC_ARC = YES;
				CLANG_ENABLE_OBJC_WEAK = YES;
				CLANG_WARN_BLOCK_CAPTURE_AUTORELEASING = YES;
				CLANG_WARN_BOOL_CONVERSION = YES;
				CLANG_WARN_COMMA = YES;
				CLANG_WARN_CONSTANT_CONVERSION = YES;
				CLANG_WARN_DEPRECATED_OBJC_IMPLEMENTATIONS = YES;
				CLANG_WARN_DIRECT_OBJC_ISA_USAGE = YES_ERROR;
				CLANG_WARN_DOCUMENTATION_COMMENTS = YES;
				CLANG_WARN_EMPTY_BODY = YES;
				CLANG_WARN_ENUM_CONVERSION = YES;
				CLANG_WARN_INFINITE_RECURSION = YES;
				CLANG_WARN_INT_CONVERSION = YES;
				CLANG_WARN_NON_LITERAL_NULL_CONVERSION = YES;
				CLANG_WARN_OBJC_IMPLICIT_RETAIN_SELF = YES;
				CLANG_WARN_OBJC_LITERAL_CONVERSION = YES;
				CLANG_WARN_OBJC_ROOT_CLASS = YES_ERROR;
				CLANG_WARN_QUOTED_INCLUDE_IN_FRAMEWORK_HEADER = YES;
				CLANG_WARN_RANGE_LOOP_ANALYSIS = YES;
				CLANG_WARN_STRICT_PROTOTYPES = YES;
				CLANG_WARN_SUSPICIOUS_MOVE = YES;
				CLANG_WARN_UNGUARDED_AVAILABILITY = YES_AGGRESSIVE;
				CLANG_WARN_UNREACHABLE_CODE = YES;
				CLANG_WARN__DUPLICATE_METHOD_MATCH = YES;
				COPY_PHASE_STRIP = NO;
				DEBUG_INFORMATION_FORMAT = "dwarf-with-dsym";
				ENABLE_NS_ASSERTIONS = NO;
				ENABLE_STRICT_OBJC_MSGSEND = YES;
				GCC_C_LANGUAGE_STANDARD = gnu11;
				GCC_NO_COMMON_BLOCKS = YES;
				GCC_WARN_64_TO_32_BIT_CONVERSION = YES;
				GCC_WARN_ABOUT_RETURN_TYPE = YES_ERROR;
				GCC_WARN_UNDECLARED_SELECTOR = YES;
				GCC_WARN_UNINITIALIZED_AUTOS = YES_AGGRESSIVE;
				GCC_WARN_UNUSED_FUNCTION = YES;
				GCC_WARN_UNUSED_VARIABLE = YES;
				MTL_ENABLE_DEBUG_INFO = NO;
				MTL_FAST_MATH = YES;
				SWIFT_COMPILATION_MODE = wholemodule;
				SWIFT_OPTIMIZATION_LEVEL = "-O";
			};
			name = Release;
		};
		630ADB5B2977CC6D000A517B /* Debug */ = {
			isa = XCBuildConfiguration;
			baseConfigurationReference = 790B62F5297A2D710048C110 /* Config.xcconfig */;
			buildSettings = {
				ASSETCATALOG_COMPILER_APPICON_NAME = AppIcon;
				ASSETCATALOG_COMPILER_GLOBAL_ACCENT_COLOR_NAME = AccentColor;
				CODE_SIGN_ENTITLEMENTS = BootCamping/BootCamping.entitlements;
				"CODE_SIGN_IDENTITY[sdk=macosx*]" = "Apple Development";
				CODE_SIGN_STYLE = Automatic;
				CURRENT_PROJECT_VERSION = 1;
				DEVELOPMENT_ASSET_PATHS = "\"BootCamping/Preview Content\"";
				DEVELOPMENT_TEAM = 6R3M7VGRP2;
				ENABLE_HARDENED_RUNTIME = YES;
				ENABLE_PREVIEWS = YES;
				GENERATE_INFOPLIST_FILE = YES;
				INFOPLIST_FILE = BootCamping/Info.plist;
				INFOPLIST_KEY_LSApplicationCategoryType = "";
				INFOPLIST_KEY_NSFaceIDUsageDescription = "\"다이어리 접근을 위한 FaceId 요청입니다.\"";
				"INFOPLIST_KEY_UIApplicationSceneManifest_Generation[sdk=iphoneos*]" = YES;
				"INFOPLIST_KEY_UIApplicationSceneManifest_Generation[sdk=iphonesimulator*]" = YES;
				"INFOPLIST_KEY_UIApplicationSupportsIndirectInputEvents[sdk=iphoneos*]" = YES;
				"INFOPLIST_KEY_UIApplicationSupportsIndirectInputEvents[sdk=iphonesimulator*]" = YES;
				"INFOPLIST_KEY_UILaunchScreen_Generation[sdk=iphoneos*]" = YES;
				"INFOPLIST_KEY_UILaunchScreen_Generation[sdk=iphonesimulator*]" = YES;
				"INFOPLIST_KEY_UIStatusBarStyle[sdk=iphoneos*]" = UIStatusBarStyleDefault;
				"INFOPLIST_KEY_UIStatusBarStyle[sdk=iphonesimulator*]" = UIStatusBarStyleDefault;
				INFOPLIST_KEY_UISupportedInterfaceOrientations = UIInterfaceOrientationPortrait;
				INFOPLIST_KEY_UISupportedInterfaceOrientations_iPad = "UIInterfaceOrientationLandscapeLeft UIInterfaceOrientationLandscapeRight UIInterfaceOrientationPortrait UIInterfaceOrientationPortraitUpsideDown";
				IPHONEOS_DEPLOYMENT_TARGET = 16.0;
				LD_RUNPATH_SEARCH_PATHS = "@executable_path/Frameworks";
				"LD_RUNPATH_SEARCH_PATHS[sdk=macosx*]" = "@executable_path/../Frameworks";
				MACOSX_DEPLOYMENT_TARGET = 13.1;
				MARKETING_VERSION = 1.0;
				PRODUCT_BUNDLE_IDENTIFIER = com.thekoon.BootCampingDev;
				PRODUCT_NAME = "$(TARGET_NAME)";
				SDKROOT = auto;
				SUPPORTED_PLATFORMS = "iphoneos iphonesimulator";
				SUPPORTS_MACCATALYST = NO;
				SUPPORTS_MAC_DESIGNED_FOR_IPHONE_IPAD = NO;
				SWIFT_EMIT_LOC_STRINGS = YES;
				SWIFT_VERSION = 5.0;
				TARGETED_DEVICE_FAMILY = 1;
			};
			name = Debug;
		};
		630ADB5C2977CC6D000A517B /* Release */ = {
			isa = XCBuildConfiguration;
			baseConfigurationReference = 790B62F5297A2D710048C110 /* Config.xcconfig */;
			buildSettings = {
				ASSETCATALOG_COMPILER_APPICON_NAME = AppIcon;
				ASSETCATALOG_COMPILER_GLOBAL_ACCENT_COLOR_NAME = AccentColor;
				CODE_SIGN_ENTITLEMENTS = BootCamping/BootCamping.entitlements;
				"CODE_SIGN_IDENTITY[sdk=macosx*]" = "Apple Development";
				CODE_SIGN_STYLE = Automatic;
				CURRENT_PROJECT_VERSION = 1;
				DEVELOPMENT_ASSET_PATHS = "\"BootCamping/Preview Content\"";
				DEVELOPMENT_TEAM = 6R3M7VGRP2;
				ENABLE_HARDENED_RUNTIME = YES;
				ENABLE_PREVIEWS = YES;
				GENERATE_INFOPLIST_FILE = YES;
				INFOPLIST_FILE = BootCamping/Info.plist;
				INFOPLIST_KEY_LSApplicationCategoryType = "";
				INFOPLIST_KEY_NSFaceIDUsageDescription = "\"다이어리 접근을 위한 FaceId 요청입니다.\"";
				"INFOPLIST_KEY_UIApplicationSceneManifest_Generation[sdk=iphoneos*]" = YES;
				"INFOPLIST_KEY_UIApplicationSceneManifest_Generation[sdk=iphonesimulator*]" = YES;
				"INFOPLIST_KEY_UIApplicationSupportsIndirectInputEvents[sdk=iphoneos*]" = YES;
				"INFOPLIST_KEY_UIApplicationSupportsIndirectInputEvents[sdk=iphonesimulator*]" = YES;
				"INFOPLIST_KEY_UILaunchScreen_Generation[sdk=iphoneos*]" = YES;
				"INFOPLIST_KEY_UILaunchScreen_Generation[sdk=iphonesimulator*]" = YES;
				"INFOPLIST_KEY_UIStatusBarStyle[sdk=iphoneos*]" = UIStatusBarStyleDefault;
				"INFOPLIST_KEY_UIStatusBarStyle[sdk=iphonesimulator*]" = UIStatusBarStyleDefault;
				INFOPLIST_KEY_UISupportedInterfaceOrientations = UIInterfaceOrientationPortrait;
				INFOPLIST_KEY_UISupportedInterfaceOrientations_iPad = "UIInterfaceOrientationLandscapeLeft UIInterfaceOrientationLandscapeRight UIInterfaceOrientationPortrait UIInterfaceOrientationPortraitUpsideDown";
				IPHONEOS_DEPLOYMENT_TARGET = 16.0;
				LD_RUNPATH_SEARCH_PATHS = "@executable_path/Frameworks";
				"LD_RUNPATH_SEARCH_PATHS[sdk=macosx*]" = "@executable_path/../Frameworks";
				MACOSX_DEPLOYMENT_TARGET = 13.1;
				MARKETING_VERSION = 1.0;
				PRODUCT_BUNDLE_IDENTIFIER = com.thekoon.BootCampingDev;
				PRODUCT_NAME = "$(TARGET_NAME)";
				SDKROOT = auto;
				SUPPORTED_PLATFORMS = "iphoneos iphonesimulator";
				SUPPORTS_MACCATALYST = NO;
				SUPPORTS_MAC_DESIGNED_FOR_IPHONE_IPAD = NO;
				SWIFT_EMIT_LOC_STRINGS = YES;
				SWIFT_VERSION = 5.0;
				TARGETED_DEVICE_FAMILY = 1;
			};
			name = Release;
		};
/* End XCBuildConfiguration section */

/* Begin XCConfigurationList section */
		630ADB462977CC6C000A517B /* Build configuration list for PBXProject "BootCamping" */ = {
			isa = XCConfigurationList;
			buildConfigurations = (
				630ADB582977CC6D000A517B /* Debug */,
				630ADB592977CC6D000A517B /* Release */,
			);
			defaultConfigurationIsVisible = 0;
			defaultConfigurationName = Release;
		};
		630ADB5A2977CC6D000A517B /* Build configuration list for PBXNativeTarget "BootCamping" */ = {
			isa = XCConfigurationList;
			buildConfigurations = (
				630ADB5B2977CC6D000A517B /* Debug */,
				630ADB5C2977CC6D000A517B /* Release */,
			);
			defaultConfigurationIsVisible = 0;
			defaultConfigurationName = Release;
		};
/* End XCConfigurationList section */

/* Begin XCRemoteSwiftPackageReference section */
		63AF45A22977CD9C0014B1E1 /* XCRemoteSwiftPackageReference "firebase-ios-sdk" */ = {
			isa = XCRemoteSwiftPackageReference;
			repositoryURL = "https://github.com/firebase/firebase-ios-sdk";
			requirement = {
				branch = master;
				kind = branch;
			};
		};
		6E11BE2B298C8FD60019E963 /* XCRemoteSwiftPackageReference "lottie-ios" */ = {
			isa = XCRemoteSwiftPackageReference;
			repositoryURL = "https://github.com/airbnb/lottie-ios.git";
			requirement = {
				branch = master;
				kind = branch;
			};
		};
		6E688E3D29923827006DCEE5 /* XCRemoteSwiftPackageReference "swiftui-mail-view" */ = {
			isa = XCRemoteSwiftPackageReference;
			repositoryURL = "https://github.com/globulus/swiftui-mail-view";
			requirement = {
				branch = main;
				kind = branch;
			};
		};
		6E996E7F297A4E290085D914 /* XCRemoteSwiftPackageReference "GoogleSignIn-iOS" */ = {
			isa = XCRemoteSwiftPackageReference;
			repositoryURL = "https://github.com/google/GoogleSignIn-iOS";
			requirement = {
				kind = upToNextMajorVersion;
				minimumVersion = 7.0.0;
			};
		};
		790B62E0297A28E00048C110 /* XCRemoteSwiftPackageReference "kakao-ios-sdk" */ = {
			isa = XCRemoteSwiftPackageReference;
			repositoryURL = "https://github.com/kakao/kakao-ios-sdk";
			requirement = {
				kind = upToNextMajorVersion;
				minimumVersion = 2.0.0;
			};
		};
		7C3FC49529877C7200E96A01 /* XCRemoteSwiftPackageReference "SDWebImageSwiftUI" */ = {
			isa = XCRemoteSwiftPackageReference;
			repositoryURL = "https://github.com/SDWebImage/SDWebImageSwiftUI.git";
			requirement = {
				branch = master;
				kind = branch;
			};
		};
		7CF0DFDC2994E4E600F57D03 /* XCRemoteSwiftPackageReference "ChatScrollView" */ = {
			isa = XCRemoteSwiftPackageReference;
			repositoryURL = "https://github.com/cozzin/ChatScrollView.git";
			requirement = {
				branch = main;
				kind = branch;
			};
		};
		AD2DBF5029940009008534BA /* XCRemoteSwiftPackageReference "AlertToast" */ = {
			isa = XCRemoteSwiftPackageReference;
			repositoryURL = "https://github.com/elai950/AlertToast.git";
			requirement = {
				kind = upToNextMajorVersion;
				minimumVersion = 1.0.0;
			};
		};
		AD851260299B728F00FA8E2E /* XCRemoteSwiftPackageReference "SwiftUI-Introspect" */ = {
			isa = XCRemoteSwiftPackageReference;
			repositoryURL = "https://github.com/siteline/SwiftUI-Introspect.git";
			requirement = {
				kind = upToNextMajorVersion;
				minimumVersion = 0.2.0;
			};
		};
/* End XCRemoteSwiftPackageReference section */

/* Begin XCSwiftPackageProductDependency section */
		63757FE6299B655C001435C4 /* FirebaseAnalytics */ = {
			isa = XCSwiftPackageProductDependency;
			package = 63AF45A22977CD9C0014B1E1 /* XCRemoteSwiftPackageReference "firebase-ios-sdk" */;
			productName = FirebaseAnalytics;
		};
		63757FE8299B655C001435C4 /* FirebaseAnalyticsSwift */ = {
			isa = XCSwiftPackageProductDependency;
			package = 63AF45A22977CD9C0014B1E1 /* XCRemoteSwiftPackageReference "firebase-ios-sdk" */;
			productName = FirebaseAnalyticsSwift;
		};
		63AF45A32977CD9C0014B1E1 /* FirebaseAuth */ = {
			isa = XCSwiftPackageProductDependency;
			package = 63AF45A22977CD9C0014B1E1 /* XCRemoteSwiftPackageReference "firebase-ios-sdk" */;
			productName = FirebaseAuth;
		};
		63AF45A52977CD9C0014B1E1 /* FirebaseFirestore */ = {
			isa = XCSwiftPackageProductDependency;
			package = 63AF45A22977CD9C0014B1E1 /* XCRemoteSwiftPackageReference "firebase-ios-sdk" */;
			productName = FirebaseFirestore;
		};
		63AF45A72977CD9C0014B1E1 /* FirebaseStorage */ = {
			isa = XCSwiftPackageProductDependency;
			package = 63AF45A22977CD9C0014B1E1 /* XCRemoteSwiftPackageReference "firebase-ios-sdk" */;
			productName = FirebaseStorage;
		};
		6E11BE2C298C8FD60019E963 /* Lottie */ = {
			isa = XCSwiftPackageProductDependency;
			package = 6E11BE2B298C8FD60019E963 /* XCRemoteSwiftPackageReference "lottie-ios" */;
			productName = Lottie;
		};
		6E688E3E29923827006DCEE5 /* SwiftUIMailView */ = {
			isa = XCSwiftPackageProductDependency;
			package = 6E688E3D29923827006DCEE5 /* XCRemoteSwiftPackageReference "swiftui-mail-view" */;
			productName = SwiftUIMailView;
		};
		6E996E80297A4E290085D914 /* GoogleSignIn */ = {
			isa = XCSwiftPackageProductDependency;
			package = 6E996E7F297A4E290085D914 /* XCRemoteSwiftPackageReference "GoogleSignIn-iOS" */;
			productName = GoogleSignIn;
		};
		6E996E82297A4E290085D914 /* GoogleSignInSwift */ = {
			isa = XCSwiftPackageProductDependency;
			package = 6E996E7F297A4E290085D914 /* XCRemoteSwiftPackageReference "GoogleSignIn-iOS" */;
			productName = GoogleSignInSwift;
		};
		790B62E1297A28E00048C110 /* KakaoSDK */ = {
			isa = XCSwiftPackageProductDependency;
			package = 790B62E0297A28E00048C110 /* XCRemoteSwiftPackageReference "kakao-ios-sdk" */;
			productName = KakaoSDK;
		};
		790B62E3297A28E00048C110 /* KakaoSDKAuth */ = {
			isa = XCSwiftPackageProductDependency;
			package = 790B62E0297A28E00048C110 /* XCRemoteSwiftPackageReference "kakao-ios-sdk" */;
			productName = KakaoSDKAuth;
		};
		790B62E5297A28E00048C110 /* KakaoSDKCommon */ = {
			isa = XCSwiftPackageProductDependency;
			package = 790B62E0297A28E00048C110 /* XCRemoteSwiftPackageReference "kakao-ios-sdk" */;
			productName = KakaoSDKCommon;
		};
		790B62E7297A28E00048C110 /* KakaoSDKCommonCore */ = {
			isa = XCSwiftPackageProductDependency;
			package = 790B62E0297A28E00048C110 /* XCRemoteSwiftPackageReference "kakao-ios-sdk" */;
			productName = KakaoSDKCommonCore;
		};
		790B62E9297A28E00048C110 /* KakaoSDKNavi */ = {
			isa = XCSwiftPackageProductDependency;
			package = 790B62E0297A28E00048C110 /* XCRemoteSwiftPackageReference "kakao-ios-sdk" */;
			productName = KakaoSDKNavi;
		};
		790B62EB297A28E00048C110 /* KakaoSDKShare */ = {
			isa = XCSwiftPackageProductDependency;
			package = 790B62E0297A28E00048C110 /* XCRemoteSwiftPackageReference "kakao-ios-sdk" */;
			productName = KakaoSDKShare;
		};
		790B62ED297A28E00048C110 /* KakaoSDKStory */ = {
			isa = XCSwiftPackageProductDependency;
			package = 790B62E0297A28E00048C110 /* XCRemoteSwiftPackageReference "kakao-ios-sdk" */;
			productName = KakaoSDKStory;
		};
		790B62EF297A28E00048C110 /* KakaoSDKTalk */ = {
			isa = XCSwiftPackageProductDependency;
			package = 790B62E0297A28E00048C110 /* XCRemoteSwiftPackageReference "kakao-ios-sdk" */;
			productName = KakaoSDKTalk;
		};
		790B62F1297A28E00048C110 /* KakaoSDKTemplate */ = {
			isa = XCSwiftPackageProductDependency;
			package = 790B62E0297A28E00048C110 /* XCRemoteSwiftPackageReference "kakao-ios-sdk" */;
			productName = KakaoSDKTemplate;
		};
		790B62F3297A28E00048C110 /* KakaoSDKUser */ = {
			isa = XCSwiftPackageProductDependency;
			package = 790B62E0297A28E00048C110 /* XCRemoteSwiftPackageReference "kakao-ios-sdk" */;
			productName = KakaoSDKUser;
		};
		7C3FC49629877C7200E96A01 /* SDWebImageSwiftUI */ = {
			isa = XCSwiftPackageProductDependency;
			package = 7C3FC49529877C7200E96A01 /* XCRemoteSwiftPackageReference "SDWebImageSwiftUI" */;
			productName = SDWebImageSwiftUI;
		};
		AD2DBF5129940009008534BA /* AlertToast */ = {
			isa = XCSwiftPackageProductDependency;
			package = AD2DBF5029940009008534BA /* XCRemoteSwiftPackageReference "AlertToast" */;
			productName = AlertToast;
		};
		AD851261299B729000FA8E2E /* Introspect */ = {
			isa = XCSwiftPackageProductDependency;
			package = AD851260299B728F00FA8E2E /* XCRemoteSwiftPackageReference "SwiftUI-Introspect" */;
			productName = Introspect;
		};
/* End XCSwiftPackageProductDependency section */
	};
	rootObject = 630ADB432977CC6C000A517B /* Project object */;
}
