// !$*UTF8*$!
{
	archiveVersion = 1;
	classes = {
	};
	objectVersion = 56;
	objects = {

/* Begin PBXBuildFile section */
		630ADB4F2977CC6C000A517B /* BootCampingApp.swift in Sources */ = {isa = PBXBuildFile; fileRef = 630ADB4E2977CC6C000A517B /* BootCampingApp.swift */; };
		630ADB512977CC6C000A517B /* ContentView.swift in Sources */ = {isa = PBXBuildFile; fileRef = 630ADB502977CC6C000A517B /* ContentView.swift */; };
		630ADB532977CC6D000A517B /* Assets.xcassets in Resources */ = {isa = PBXBuildFile; fileRef = 630ADB522977CC6D000A517B /* Assets.xcassets */; };
		630ADB572977CC6D000A517B /* Preview Assets.xcassets in Resources */ = {isa = PBXBuildFile; fileRef = 630ADB562977CC6D000A517B /* Preview Assets.xcassets */; };
		639129E92979291D00F6EDD7 /* Places.swift in Sources */ = {isa = PBXBuildFile; fileRef = 639129E82979291D00F6EDD7 /* Places.swift */; };
		639129EB2979292500F6EDD7 /* FetchData.swift in Sources */ = {isa = PBXBuildFile; fileRef = 639129EA2979292500F6EDD7 /* FetchData.swift */; };
		639129ED297929A500F6EDD7 /* CampingSpotView.swift in Sources */ = {isa = PBXBuildFile; fileRef = 639129EC297929A500F6EDD7 /* CampingSpotView.swift */; };
		639129EF29792CB700F6EDD7 /* CapmingSpotStore.swift in Sources */ = {isa = PBXBuildFile; fileRef = 639129EE29792CB700F6EDD7 /* CapmingSpotStore.swift */; };
		63AF45A42977CD9C0014B1E1 /* FirebaseAuth in Frameworks */ = {isa = PBXBuildFile; productRef = 63AF45A32977CD9C0014B1E1 /* FirebaseAuth */; };
		63AF45A62977CD9C0014B1E1 /* FirebaseFirestore in Frameworks */ = {isa = PBXBuildFile; productRef = 63AF45A52977CD9C0014B1E1 /* FirebaseFirestore */; };
		63AF45A82977CD9C0014B1E1 /* FirebaseStorage in Frameworks */ = {isa = PBXBuildFile; productRef = 63AF45A72977CD9C0014B1E1 /* FirebaseStorage */; };
		63AF45AD2977CDB40014B1E1 /* UIScreen+Extension.swift in Sources */ = {isa = PBXBuildFile; fileRef = 63AF45AA2977CDB40014B1E1 /* UIScreen+Extension.swift */; };
		63AF45AE2977CDB40014B1E1 /* ViewModifiers.swift in Sources */ = {isa = PBXBuildFile; fileRef = 63AF45AB2977CDB40014B1E1 /* ViewModifiers.swift */; };
		63AF45AF2977CDB40014B1E1 /* Date.swift in Sources */ = {isa = PBXBuildFile; fileRef = 63AF45AC2977CDB40014B1E1 /* Date.swift */; };
		63AF45B22977CDC60014B1E1 /* User.swift in Sources */ = {isa = PBXBuildFile; fileRef = 63AF45B12977CDC60014B1E1 /* User.swift */; };
		63AF45B52977CDD20014B1E1 /* AuthStore.swift in Sources */ = {isa = PBXBuildFile; fileRef = 63AF45B42977CDD20014B1E1 /* AuthStore.swift */; };
		63AF45BB2977CDE20014B1E1 /* AuthSignUpView.swift in Sources */ = {isa = PBXBuildFile; fileRef = 63AF45B82977CDE20014B1E1 /* AuthSignUpView.swift */; };
		63AF45BD2977CDE20014B1E1 /* LoginView.swift in Sources */ = {isa = PBXBuildFile; fileRef = 63AF45BA2977CDE20014B1E1 /* LoginView.swift */; };
		63AF45C02977CDF90014B1E1 /* HomeView.swift in Sources */ = {isa = PBXBuildFile; fileRef = 63AF45BF2977CDF90014B1E1 /* HomeView.swift */; };
		63AF45D72977CE4C0014B1E1 /* MyPageView.swift in Sources */ = {isa = PBXBuildFile; fileRef = 63AF45D12977CE4B0014B1E1 /* MyPageView.swift */; };
		63AF45D82977CE4C0014B1E1 /* BookmarkCellView.swift in Sources */ = {isa = PBXBuildFile; fileRef = 63AF45D22977CE4B0014B1E1 /* BookmarkCellView.swift */; };
		63AF45DA2977CE4C0014B1E1 /* SettingView.swift in Sources */ = {isa = PBXBuildFile; fileRef = 63AF45D42977CE4C0014B1E1 /* SettingView.swift */; };
		63AF45DB2977CE4C0014B1E1 /* ProfileSettingView.swift in Sources */ = {isa = PBXBuildFile; fileRef = 63AF45D52977CE4C0014B1E1 /* ProfileSettingView.swift */; };
		63AF45DF2977CE5E0014B1E1 /* MyCampingDiaryView.swift in Sources */ = {isa = PBXBuildFile; fileRef = 63AF45DC2977CE5E0014B1E1 /* MyCampingDiaryView.swift */; };
		63AF45E02977CE5E0014B1E1 /* DiaryAddView.swift in Sources */ = {isa = PBXBuildFile; fileRef = 63AF45DD2977CE5E0014B1E1 /* DiaryAddView.swift */; };
		63AF45E12977CE5E0014B1E1 /* DiaryDetailView.swift in Sources */ = {isa = PBXBuildFile; fileRef = 63AF45DE2977CE5E0014B1E1 /* DiaryDetailView.swift */; };
		63AF45E52977CE650014B1E1 /* CampingSpotListView.swift in Sources */ = {isa = PBXBuildFile; fileRef = 63AF45E22977CE650014B1E1 /* CampingSpotListView.swift */; };
		63AF45E62977CE650014B1E1 /* CampingSpotDetailView.swift in Sources */ = {isa = PBXBuildFile; fileRef = 63AF45E32977CE650014B1E1 /* CampingSpotDetailView.swift */; };
		63AF45E72977CE650014B1E1 /* SearchCampingSpotView.swift in Sources */ = {isa = PBXBuildFile; fileRef = 63AF45E42977CE650014B1E1 /* SearchCampingSpotView.swift */; };
		6E96013B298A32D6009C60F2 /* FullMapView.swift in Sources */ = {isa = PBXBuildFile; fileRef = 6E96013A298A32D6009C60F2 /* FullMapView.swift */; };
		6E96013D298A40C7009C60F2 /* BookmarkedStore.swift in Sources */ = {isa = PBXBuildFile; fileRef = 6E96013C298A40C7009C60F2 /* BookmarkedStore.swift */; };
		6E96013F298A5C40009C60F2 /* BookmarkSpot.swift in Sources */ = {isa = PBXBuildFile; fileRef = 6E96013E298A5C40009C60F2 /* BookmarkSpot.swift */; };
		6E996E81297A4E290085D914 /* GoogleSignIn in Frameworks */ = {isa = PBXBuildFile; productRef = 6E996E80297A4E290085D914 /* GoogleSignIn */; };
		6E996E83297A4E290085D914 /* GoogleSignInSwift in Frameworks */ = {isa = PBXBuildFile; productRef = 6E996E82297A4E290085D914 /* GoogleSignInSwift */; };
		790B62D929792A4D0048C110 /* Comment.swift in Sources */ = {isa = PBXBuildFile; fileRef = 790B62D829792A4D0048C110 /* Comment.swift */; };
		790B62DB29792B4C0048C110 /* CommentStore.swift in Sources */ = {isa = PBXBuildFile; fileRef = 790B62DA29792B4C0048C110 /* CommentStore.swift */; };
		790B62DD297936840048C110 /* DiaryLike.swift in Sources */ = {isa = PBXBuildFile; fileRef = 790B62DC297936840048C110 /* DiaryLike.swift */; };
		790B62E2297A28E00048C110 /* KakaoSDK in Frameworks */ = {isa = PBXBuildFile; productRef = 790B62E1297A28E00048C110 /* KakaoSDK */; };
		790B62E4297A28E00048C110 /* KakaoSDKAuth in Frameworks */ = {isa = PBXBuildFile; productRef = 790B62E3297A28E00048C110 /* KakaoSDKAuth */; };
		790B62E6297A28E00048C110 /* KakaoSDKCommon in Frameworks */ = {isa = PBXBuildFile; productRef = 790B62E5297A28E00048C110 /* KakaoSDKCommon */; };
		790B62E8297A28E00048C110 /* KakaoSDKCommonCore in Frameworks */ = {isa = PBXBuildFile; productRef = 790B62E7297A28E00048C110 /* KakaoSDKCommonCore */; };
		790B62EA297A28E00048C110 /* KakaoSDKNavi in Frameworks */ = {isa = PBXBuildFile; productRef = 790B62E9297A28E00048C110 /* KakaoSDKNavi */; };
		790B62EC297A28E00048C110 /* KakaoSDKShare in Frameworks */ = {isa = PBXBuildFile; productRef = 790B62EB297A28E00048C110 /* KakaoSDKShare */; };
		790B62EE297A28E00048C110 /* KakaoSDKStory in Frameworks */ = {isa = PBXBuildFile; productRef = 790B62ED297A28E00048C110 /* KakaoSDKStory */; };
		790B62F0297A28E00048C110 /* KakaoSDKTalk in Frameworks */ = {isa = PBXBuildFile; productRef = 790B62EF297A28E00048C110 /* KakaoSDKTalk */; };
		790B62F2297A28E00048C110 /* KakaoSDKTemplate in Frameworks */ = {isa = PBXBuildFile; productRef = 790B62F1297A28E00048C110 /* KakaoSDKTemplate */; };
		790B62F4297A28E00048C110 /* KakaoSDKUser in Frameworks */ = {isa = PBXBuildFile; productRef = 790B62F3297A28E00048C110 /* KakaoSDKUser */; };
		790B62F7297A36BB0048C110 /* KakaoAuthStore.swift in Sources */ = {isa = PBXBuildFile; fileRef = 790B62F6297A36BB0048C110 /* KakaoAuthStore.swift */; };
		7C3FC49729877C7200E96A01 /* SDWebImageSwiftUI in Frameworks */ = {isa = PBXBuildFile; productRef = 7C3FC49629877C7200E96A01 /* SDWebImageSwiftUI */; };
		7C715C982977E056009BC678 /* Diary.swift in Sources */ = {isa = PBXBuildFile; fileRef = 7C715C972977E056009BC678 /* Diary.swift */; };
		7C95F18F298A42B10095A6BC /* AppleAuthCoordinator.swift in Sources */ = {isa = PBXBuildFile; fileRef = 7C95F18E298A42B10095A6BC /* AppleAuthCoordinator.swift */; };
		7C95F191298A55120095A6BC /* GoogleService-Info.plist in Resources */ = {isa = PBXBuildFile; fileRef = 7C95F190298A55120095A6BC /* GoogleService-Info.plist */; };
		7CC3AD4E29890970002EF992 /* DiaryStore.swift in Sources */ = {isa = PBXBuildFile; fileRef = 7CC3AD4D29890970002EF992 /* DiaryStore.swift */; };
		7CC3AD5029890974002EF992 /* FirebaseDiaryService.swift in Sources */ = {isa = PBXBuildFile; fileRef = 7CC3AD4F29890974002EF992 /* FirebaseDiaryService.swift */; };
		7CFCE12A2987549700E196AF /* RealtimeCampingCellView.swift in Sources */ = {isa = PBXBuildFile; fileRef = 7CFCE1282987549700E196AF /* RealtimeCampingCellView.swift */; };
		7CFCE12B2987549700E196AF /* RealtimeCampingView.swift in Sources */ = {isa = PBXBuildFile; fileRef = 7CFCE1292987549700E196AF /* RealtimeCampingView.swift */; };
		7CFCE12D2987549F00E196AF /* WeeklyPopulerCampingView.swift in Sources */ = {isa = PBXBuildFile; fileRef = 7CFCE12C2987549F00E196AF /* WeeklyPopulerCampingView.swift */; };
		7CFCE12F2987551F00E196AF /* LoginPasswordView.swift in Sources */ = {isa = PBXBuildFile; fileRef = 7CFCE12E2987551F00E196AF /* LoginPasswordView.swift */; };
		AD1FED36298B930F001FB3E5 /* FirebaseScheduleService.swift in Sources */ = {isa = PBXBuildFile; fileRef = AD1FED35298B930F001FB3E5 /* FirebaseScheduleService.swift */; };
		AD21BAE32989F28C007ED6B7 /* FirebaseCommentService.swift in Sources */ = {isa = PBXBuildFile; fileRef = AD21BAE22989F28C007ED6B7 /* FirebaseCommentService.swift */; };
		AD373AFA2977D68A00E1236A /* DiaryCellView.swift in Sources */ = {isa = PBXBuildFile; fileRef = AD373AF92977D68A00E1236A /* DiaryCellView.swift */; };
		AD672121298CA983008C34B3 /* WholeAuthStore.swift in Sources */ = {isa = PBXBuildFile; fileRef = AD672120298CA983008C34B3 /* WholeAuthStore.swift */; };
		AD672123298CBFB0008C34B3 /* FirebaseUserService.swift in Sources */ = {isa = PBXBuildFile; fileRef = AD672122298CBFB0008C34B3 /* FirebaseUserService.swift */; };
		CA27A6252989FCD700A6AEE5 /* SearchCampingSpotListView.swift in Sources */ = {isa = PBXBuildFile; fileRef = CA27A6242989FCD700A6AEE5 /* SearchCampingSpotListView.swift */; };
		CA729F3329792DE000CCC3BB /* CalendarView.swift in Sources */ = {isa = PBXBuildFile; fileRef = CA729F3229792DE000CCC3BB /* CalendarView.swift */; };
		CA729F352979315400CCC3BB /* CustomDatePickerView.swift in Sources */ = {isa = PBXBuildFile; fileRef = CA729F342979315400CCC3BB /* CustomDatePickerView.swift */; };
		CA729F392979340600CCC3BB /* Schedule.swift in Sources */ = {isa = PBXBuildFile; fileRef = CA729F382979340600CCC3BB /* Schedule.swift */; };
		CA729F3C297A6C4B00CCC3BB /* AddScheduleView.swift in Sources */ = {isa = PBXBuildFile; fileRef = CA729F3B297A6C4B00CCC3BB /* AddScheduleView.swift */; };
		CA729F432988FCBA00CCC3BB /* ScheduleStore.swift in Sources */ = {isa = PBXBuildFile; fileRef = CA729F422988FCBA00CCC3BB /* ScheduleStore.swift */; };
/* End PBXBuildFile section */

/* Begin PBXFileReference section */
		630ADB4B2977CC6C000A517B /* BootCamping.app */ = {isa = PBXFileReference; explicitFileType = wrapper.application; includeInIndex = 0; path = BootCamping.app; sourceTree = BUILT_PRODUCTS_DIR; };
		630ADB4E2977CC6C000A517B /* BootCampingApp.swift */ = {isa = PBXFileReference; lastKnownFileType = sourcecode.swift; path = BootCampingApp.swift; sourceTree = "<group>"; };
		630ADB502977CC6C000A517B /* ContentView.swift */ = {isa = PBXFileReference; lastKnownFileType = sourcecode.swift; path = ContentView.swift; sourceTree = "<group>"; };
		630ADB522977CC6D000A517B /* Assets.xcassets */ = {isa = PBXFileReference; lastKnownFileType = folder.assetcatalog; path = Assets.xcassets; sourceTree = "<group>"; };
		630ADB542977CC6D000A517B /* BootCamping.entitlements */ = {isa = PBXFileReference; lastKnownFileType = text.plist.entitlements; path = BootCamping.entitlements; sourceTree = "<group>"; };
		630ADB562977CC6D000A517B /* Preview Assets.xcassets */ = {isa = PBXFileReference; lastKnownFileType = folder.assetcatalog; path = "Preview Assets.xcassets"; sourceTree = "<group>"; };
		639129E82979291D00F6EDD7 /* Places.swift */ = {isa = PBXFileReference; fileEncoding = 4; lastKnownFileType = sourcecode.swift; path = Places.swift; sourceTree = "<group>"; };
		639129EA2979292500F6EDD7 /* FetchData.swift */ = {isa = PBXFileReference; fileEncoding = 4; lastKnownFileType = sourcecode.swift; path = FetchData.swift; sourceTree = "<group>"; };
		639129EC297929A500F6EDD7 /* CampingSpotView.swift */ = {isa = PBXFileReference; lastKnownFileType = sourcecode.swift; path = CampingSpotView.swift; sourceTree = "<group>"; };
		639129EE29792CB700F6EDD7 /* CapmingSpotStore.swift */ = {isa = PBXFileReference; lastKnownFileType = sourcecode.swift; path = CapmingSpotStore.swift; sourceTree = "<group>"; };
		63AF45AA2977CDB40014B1E1 /* UIScreen+Extension.swift */ = {isa = PBXFileReference; fileEncoding = 4; lastKnownFileType = sourcecode.swift; path = "UIScreen+Extension.swift"; sourceTree = "<group>"; };
		63AF45AB2977CDB40014B1E1 /* ViewModifiers.swift */ = {isa = PBXFileReference; fileEncoding = 4; lastKnownFileType = sourcecode.swift; path = ViewModifiers.swift; sourceTree = "<group>"; };
		63AF45AC2977CDB40014B1E1 /* Date.swift */ = {isa = PBXFileReference; fileEncoding = 4; lastKnownFileType = sourcecode.swift; path = Date.swift; sourceTree = "<group>"; };
		63AF45B12977CDC60014B1E1 /* User.swift */ = {isa = PBXFileReference; fileEncoding = 4; lastKnownFileType = sourcecode.swift; path = User.swift; sourceTree = "<group>"; };
		63AF45B42977CDD20014B1E1 /* AuthStore.swift */ = {isa = PBXFileReference; fileEncoding = 4; lastKnownFileType = sourcecode.swift; path = AuthStore.swift; sourceTree = "<group>"; };
		63AF45B82977CDE20014B1E1 /* AuthSignUpView.swift */ = {isa = PBXFileReference; fileEncoding = 4; lastKnownFileType = sourcecode.swift; path = AuthSignUpView.swift; sourceTree = "<group>"; };
		63AF45BA2977CDE20014B1E1 /* LoginView.swift */ = {isa = PBXFileReference; fileEncoding = 4; lastKnownFileType = sourcecode.swift; path = LoginView.swift; sourceTree = "<group>"; };
		63AF45BF2977CDF90014B1E1 /* HomeView.swift */ = {isa = PBXFileReference; fileEncoding = 4; lastKnownFileType = sourcecode.swift; path = HomeView.swift; sourceTree = "<group>"; };
		63AF45D12977CE4B0014B1E1 /* MyPageView.swift */ = {isa = PBXFileReference; fileEncoding = 4; lastKnownFileType = sourcecode.swift; path = MyPageView.swift; sourceTree = "<group>"; };
		63AF45D22977CE4B0014B1E1 /* BookmarkCellView.swift */ = {isa = PBXFileReference; fileEncoding = 4; lastKnownFileType = sourcecode.swift; path = BookmarkCellView.swift; sourceTree = "<group>"; };
		63AF45D42977CE4C0014B1E1 /* SettingView.swift */ = {isa = PBXFileReference; fileEncoding = 4; lastKnownFileType = sourcecode.swift; path = SettingView.swift; sourceTree = "<group>"; };
		63AF45D52977CE4C0014B1E1 /* ProfileSettingView.swift */ = {isa = PBXFileReference; fileEncoding = 4; lastKnownFileType = sourcecode.swift; path = ProfileSettingView.swift; sourceTree = "<group>"; };
		63AF45DC2977CE5E0014B1E1 /* MyCampingDiaryView.swift */ = {isa = PBXFileReference; fileEncoding = 4; lastKnownFileType = sourcecode.swift; path = MyCampingDiaryView.swift; sourceTree = "<group>"; };
		63AF45DD2977CE5E0014B1E1 /* DiaryAddView.swift */ = {isa = PBXFileReference; fileEncoding = 4; lastKnownFileType = sourcecode.swift; path = DiaryAddView.swift; sourceTree = "<group>"; };
		63AF45DE2977CE5E0014B1E1 /* DiaryDetailView.swift */ = {isa = PBXFileReference; fileEncoding = 4; lastKnownFileType = sourcecode.swift; path = DiaryDetailView.swift; sourceTree = "<group>"; };
		63AF45E22977CE650014B1E1 /* CampingSpotListView.swift */ = {isa = PBXFileReference; fileEncoding = 4; lastKnownFileType = sourcecode.swift; path = CampingSpotListView.swift; sourceTree = "<group>"; };
		63AF45E32977CE650014B1E1 /* CampingSpotDetailView.swift */ = {isa = PBXFileReference; fileEncoding = 4; lastKnownFileType = sourcecode.swift; path = CampingSpotDetailView.swift; sourceTree = "<group>"; };
		63AF45E42977CE650014B1E1 /* SearchCampingSpotView.swift */ = {isa = PBXFileReference; fileEncoding = 4; lastKnownFileType = sourcecode.swift; path = SearchCampingSpotView.swift; sourceTree = "<group>"; };
		6E96013A298A32D6009C60F2 /* FullMapView.swift */ = {isa = PBXFileReference; lastKnownFileType = sourcecode.swift; path = FullMapView.swift; sourceTree = "<group>"; };
		6E96013C298A40C7009C60F2 /* BookmarkedStore.swift */ = {isa = PBXFileReference; lastKnownFileType = sourcecode.swift; path = BookmarkedStore.swift; sourceTree = "<group>"; };
		6E96013E298A5C40009C60F2 /* BookmarkSpot.swift */ = {isa = PBXFileReference; lastKnownFileType = sourcecode.swift; path = BookmarkSpot.swift; sourceTree = "<group>"; };
		790B62D829792A4D0048C110 /* Comment.swift */ = {isa = PBXFileReference; lastKnownFileType = sourcecode.swift; path = Comment.swift; sourceTree = "<group>"; };
		790B62DA29792B4C0048C110 /* CommentStore.swift */ = {isa = PBXFileReference; lastKnownFileType = sourcecode.swift; path = CommentStore.swift; sourceTree = "<group>"; };
		790B62DC297936840048C110 /* DiaryLike.swift */ = {isa = PBXFileReference; lastKnownFileType = sourcecode.swift; path = DiaryLike.swift; sourceTree = "<group>"; };
		790B62F5297A2D710048C110 /* Config.xcconfig */ = {isa = PBXFileReference; lastKnownFileType = text.xcconfig; path = Config.xcconfig; sourceTree = "<group>"; };
		790B62F6297A36BB0048C110 /* KakaoAuthStore.swift */ = {isa = PBXFileReference; lastKnownFileType = sourcecode.swift; path = KakaoAuthStore.swift; sourceTree = "<group>"; };
		7C715C972977E056009BC678 /* Diary.swift */ = {isa = PBXFileReference; lastKnownFileType = sourcecode.swift; path = Diary.swift; sourceTree = "<group>"; };
		7C95F18E298A42B10095A6BC /* AppleAuthCoordinator.swift */ = {isa = PBXFileReference; lastKnownFileType = sourcecode.swift; path = AppleAuthCoordinator.swift; sourceTree = "<group>"; };
		7C95F190298A55120095A6BC /* GoogleService-Info.plist */ = {isa = PBXFileReference; fileEncoding = 4; lastKnownFileType = text.plist.xml; path = "GoogleService-Info.plist"; sourceTree = "<group>"; };
		7CC3AD4D29890970002EF992 /* DiaryStore.swift */ = {isa = PBXFileReference; fileEncoding = 4; lastKnownFileType = sourcecode.swift; path = DiaryStore.swift; sourceTree = "<group>"; };
		7CC3AD4F29890974002EF992 /* FirebaseDiaryService.swift */ = {isa = PBXFileReference; fileEncoding = 4; lastKnownFileType = sourcecode.swift; path = FirebaseDiaryService.swift; sourceTree = "<group>"; };
		7CFCE1282987549700E196AF /* RealtimeCampingCellView.swift */ = {isa = PBXFileReference; fileEncoding = 4; lastKnownFileType = sourcecode.swift; path = RealtimeCampingCellView.swift; sourceTree = "<group>"; };
		7CFCE1292987549700E196AF /* RealtimeCampingView.swift */ = {isa = PBXFileReference; fileEncoding = 4; lastKnownFileType = sourcecode.swift; path = RealtimeCampingView.swift; sourceTree = "<group>"; };
		7CFCE12C2987549F00E196AF /* WeeklyPopulerCampingView.swift */ = {isa = PBXFileReference; fileEncoding = 4; lastKnownFileType = sourcecode.swift; path = WeeklyPopulerCampingView.swift; sourceTree = "<group>"; };
		7CFCE12E2987551F00E196AF /* LoginPasswordView.swift */ = {isa = PBXFileReference; fileEncoding = 4; lastKnownFileType = sourcecode.swift; path = LoginPasswordView.swift; sourceTree = "<group>"; };
		AD1FED35298B930F001FB3E5 /* FirebaseScheduleService.swift */ = {isa = PBXFileReference; lastKnownFileType = sourcecode.swift; path = FirebaseScheduleService.swift; sourceTree = "<group>"; };
		AD21BAE22989F28C007ED6B7 /* FirebaseCommentService.swift */ = {isa = PBXFileReference; lastKnownFileType = sourcecode.swift; path = FirebaseCommentService.swift; sourceTree = "<group>"; };
		AD373AF92977D68A00E1236A /* DiaryCellView.swift */ = {isa = PBXFileReference; lastKnownFileType = sourcecode.swift; path = DiaryCellView.swift; sourceTree = "<group>"; };
		AD672120298CA983008C34B3 /* WholeAuthStore.swift */ = {isa = PBXFileReference; lastKnownFileType = sourcecode.swift; path = WholeAuthStore.swift; sourceTree = "<group>"; };
		AD672122298CBFB0008C34B3 /* FirebaseUserService.swift */ = {isa = PBXFileReference; lastKnownFileType = sourcecode.swift; path = FirebaseUserService.swift; sourceTree = "<group>"; };
		CA27A6242989FCD700A6AEE5 /* SearchCampingSpotListView.swift */ = {isa = PBXFileReference; lastKnownFileType = sourcecode.swift; path = SearchCampingSpotListView.swift; sourceTree = "<group>"; };
		CA729F3229792DE000CCC3BB /* CalendarView.swift */ = {isa = PBXFileReference; lastKnownFileType = sourcecode.swift; path = CalendarView.swift; sourceTree = "<group>"; };
		CA729F342979315400CCC3BB /* CustomDatePickerView.swift */ = {isa = PBXFileReference; lastKnownFileType = sourcecode.swift; path = CustomDatePickerView.swift; sourceTree = "<group>"; };
		CA729F382979340600CCC3BB /* Schedule.swift */ = {isa = PBXFileReference; lastKnownFileType = sourcecode.swift; path = Schedule.swift; sourceTree = "<group>"; };
		CA729F3B297A6C4B00CCC3BB /* AddScheduleView.swift */ = {isa = PBXFileReference; lastKnownFileType = sourcecode.swift; path = AddScheduleView.swift; sourceTree = "<group>"; };
		CA729F422988FCBA00CCC3BB /* ScheduleStore.swift */ = {isa = PBXFileReference; lastKnownFileType = sourcecode.swift; path = ScheduleStore.swift; sourceTree = "<group>"; };
/* End PBXFileReference section */

/* Begin PBXFrameworksBuildPhase section */
		630ADB482977CC6C000A517B /* Frameworks */ = {
			isa = PBXFrameworksBuildPhase;
			buildActionMask = 2147483647;
			files = (
				6E996E83297A4E290085D914 /* GoogleSignInSwift in Frameworks */,
				63AF45A42977CD9C0014B1E1 /* FirebaseAuth in Frameworks */,
				6E996E81297A4E290085D914 /* GoogleSignIn in Frameworks */,
				790B62E2297A28E00048C110 /* KakaoSDK in Frameworks */,
				7C3FC49729877C7200E96A01 /* SDWebImageSwiftUI in Frameworks */,
				790B62E8297A28E00048C110 /* KakaoSDKCommonCore in Frameworks */,
				790B62EE297A28E00048C110 /* KakaoSDKStory in Frameworks */,
				790B62EA297A28E00048C110 /* KakaoSDKNavi in Frameworks */,
				790B62F2297A28E00048C110 /* KakaoSDKTemplate in Frameworks */,
				63AF45A62977CD9C0014B1E1 /* FirebaseFirestore in Frameworks */,
				63AF45A82977CD9C0014B1E1 /* FirebaseStorage in Frameworks */,
				790B62F4297A28E00048C110 /* KakaoSDKUser in Frameworks */,
				790B62F0297A28E00048C110 /* KakaoSDKTalk in Frameworks */,
				790B62E6297A28E00048C110 /* KakaoSDKCommon in Frameworks */,
				790B62E4297A28E00048C110 /* KakaoSDKAuth in Frameworks */,
				790B62EC297A28E00048C110 /* KakaoSDKShare in Frameworks */,
			);
			runOnlyForDeploymentPostprocessing = 0;
		};
/* End PBXFrameworksBuildPhase section */

/* Begin PBXGroup section */
		630ADB422977CC6C000A517B = {
			isa = PBXGroup;
			children = (
				630ADB4D2977CC6C000A517B /* BootCamping */,
				630ADB4C2977CC6C000A517B /* Products */,
			);
			sourceTree = "<group>";
		};
		630ADB4C2977CC6C000A517B /* Products */ = {
			isa = PBXGroup;
			children = (
				630ADB4B2977CC6C000A517B /* BootCamping.app */,
			);
			name = Products;
			sourceTree = "<group>";
		};
		630ADB4D2977CC6C000A517B /* BootCamping */ = {
			isa = PBXGroup;
			children = (
				630ADB4E2977CC6C000A517B /* BootCampingApp.swift */,
				63AF45B02977CDBC0014B1E1 /* Models */,
				ADF535D22988B3980003AD13 /* Service */,
				63AF45B32977CDC90014B1E1 /* ViewModels */,
				63AF45B62977CDD50014B1E1 /* Views */,
				63AF45A92977CDA30014B1E1 /* Components */,
				630ADB522977CC6D000A517B /* Assets.xcassets */,
				7C95F190298A55120095A6BC /* GoogleService-Info.plist */,
				630ADB542977CC6D000A517B /* BootCamping.entitlements */,
				630ADB552977CC6D000A517B /* Preview Content */,
				790B62F5297A2D710048C110 /* Config.xcconfig */,
			);
			path = BootCamping;
			sourceTree = "<group>";
		};
		630ADB552977CC6D000A517B /* Preview Content */ = {
			isa = PBXGroup;
			children = (
				630ADB562977CC6D000A517B /* Preview Assets.xcassets */,
			);
			path = "Preview Content";
			sourceTree = "<group>";
		};
		63665586297CF47D0058622D /* Login */ = {
			isa = PBXGroup;
			children = (
				63AF45BA2977CDE20014B1E1 /* LoginView.swift */,
				7CFCE12E2987551F00E196AF /* LoginPasswordView.swift */,
				63665587297CF4890058622D /* SignUp */,
			);
			path = Login;
			sourceTree = "<group>";
		};
		63665587297CF4890058622D /* SignUp */ = {
			isa = PBXGroup;
			children = (
				63AF45B82977CDE20014B1E1 /* AuthSignUpView.swift */,
			);
			path = SignUp;
			sourceTree = "<group>";
		};
		63AF45A92977CDA30014B1E1 /* Components */ = {
			isa = PBXGroup;
			children = (
				63AF45AC2977CDB40014B1E1 /* Date.swift */,
				63AF45AA2977CDB40014B1E1 /* UIScreen+Extension.swift */,
				63AF45AB2977CDB40014B1E1 /* ViewModifiers.swift */,
			);
			path = Components;
			sourceTree = "<group>";
		};
		63AF45B02977CDBC0014B1E1 /* Models */ = {
			isa = PBXGroup;
			children = (
				639129E82979291D00F6EDD7 /* Places.swift */,
				63AF45B12977CDC60014B1E1 /* User.swift */,
				790B62D829792A4D0048C110 /* Comment.swift */,
				790B62DC297936840048C110 /* DiaryLike.swift */,
				7C715C972977E056009BC678 /* Diary.swift */,
				CA729F382979340600CCC3BB /* Schedule.swift */,
				6E96013E298A5C40009C60F2 /* BookmarkSpot.swift */,
			);
			path = Models;
			sourceTree = "<group>";
		};
		63AF45B32977CDC90014B1E1 /* ViewModels */ = {
			isa = PBXGroup;
			children = (
				63AF45B42977CDD20014B1E1 /* AuthStore.swift */,
				AD672120298CA983008C34B3 /* WholeAuthStore.swift */,
				790B62F6297A36BB0048C110 /* KakaoAuthStore.swift */,
				639129EA2979292500F6EDD7 /* FetchData.swift */,
				790B62DA29792B4C0048C110 /* CommentStore.swift */,
				639129EE29792CB700F6EDD7 /* CapmingSpotStore.swift */,
				CA729F422988FCBA00CCC3BB /* ScheduleStore.swift */,
				7CC3AD4D29890970002EF992 /* DiaryStore.swift */,
				7C95F18E298A42B10095A6BC /* AppleAuthCoordinator.swift */,
				6E96013C298A40C7009C60F2 /* BookmarkedStore.swift */,
			);
			path = ViewModels;
			sourceTree = "<group>";
		};
		63AF45B62977CDD50014B1E1 /* Views */ = {
			isa = PBXGroup;
			children = (
				630ADB502977CC6C000A517B /* ContentView.swift */,
				63AF45BE2977CDF00014B1E1 /* Home */,
				63AF45CD2977CE250014B1E1 /* SearchCampingSpot */,
				63AF45CE2977CE320014B1E1 /* MyCampingDiary */,
				63AF45CF2977CE3C0014B1E1 /* MyPage */,
				63AF45B72977CDDA0014B1E1 /* Auth */,
			);
			path = Views;
			sourceTree = "<group>";
		};
		63AF45B72977CDDA0014B1E1 /* Auth */ = {
			isa = PBXGroup;
			children = (
				63665586297CF47D0058622D /* Login */,
				639129EC297929A500F6EDD7 /* CampingSpotView.swift */,
			);
			path = Auth;
			sourceTree = "<group>";
		};
		63AF45BE2977CDF00014B1E1 /* Home */ = {
			isa = PBXGroup;
			children = (
				7CFCE1282987549700E196AF /* RealtimeCampingCellView.swift */,
				7CFCE1292987549700E196AF /* RealtimeCampingView.swift */,
				7CFCE12C2987549F00E196AF /* WeeklyPopulerCampingView.swift */,
				63AF45BF2977CDF90014B1E1 /* HomeView.swift */,
			);
			path = Home;
			sourceTree = "<group>";
		};
		63AF45CD2977CE250014B1E1 /* SearchCampingSpot */ = {
			isa = PBXGroup;
			children = (
				63AF45E42977CE650014B1E1 /* SearchCampingSpotView.swift */,
				63AF45E22977CE650014B1E1 /* CampingSpotListView.swift */,
				63AF45E32977CE650014B1E1 /* CampingSpotDetailView.swift */,
				6E96013A298A32D6009C60F2 /* FullMapView.swift */,
			);
			path = SearchCampingSpot;
			sourceTree = "<group>";
		};
		63AF45CE2977CE320014B1E1 /* MyCampingDiary */ = {
			isa = PBXGroup;
			children = (
				63AF45DC2977CE5E0014B1E1 /* MyCampingDiaryView.swift */,
				63AF45DE2977CE5E0014B1E1 /* DiaryDetailView.swift */,
				AD373AF92977D68A00E1236A /* DiaryCellView.swift */,
				63AF45DD2977CE5E0014B1E1 /* DiaryAddView.swift */,
			);
			path = MyCampingDiary;
			sourceTree = "<group>";
		};
		63AF45CF2977CE3C0014B1E1 /* MyPage */ = {
			isa = PBXGroup;
			children = (
				63AF45D52977CE4C0014B1E1 /* ProfileSettingView.swift */,
				63AF45D42977CE4C0014B1E1 /* SettingView.swift */,
				CA729F3029792D7200CCC3BB /* MyPageView */,
			);
			path = MyPage;
			sourceTree = "<group>";
		};
		ADF535D22988B3980003AD13 /* Service */ = {
			isa = PBXGroup;
			children = (
				7CC3AD4F29890974002EF992 /* FirebaseDiaryService.swift */,
				AD21BAE22989F28C007ED6B7 /* FirebaseCommentService.swift */,
				AD1FED35298B930F001FB3E5 /* FirebaseScheduleService.swift */,
				AD672122298CBFB0008C34B3 /* FirebaseUserService.swift */,
			);
			path = Service;
			sourceTree = "<group>";
		};
		CA729F3029792D7200CCC3BB /* MyPageView */ = {
			isa = PBXGroup;
			children = (
				63AF45D22977CE4B0014B1E1 /* BookmarkCellView.swift */,
				63AF45D12977CE4B0014B1E1 /* MyPageView.swift */,
				CA729F3229792DE000CCC3BB /* CalendarView.swift */,
				CA729F3B297A6C4B00CCC3BB /* AddScheduleView.swift */,
				CA27A6242989FCD700A6AEE5 /* SearchCampingSpotListView.swift */,
				CA729F342979315400CCC3BB /* CustomDatePickerView.swift */,
			);
			path = MyPageView;
			sourceTree = "<group>";
		};
/* End PBXGroup section */

/* Begin PBXNativeTarget section */
		630ADB4A2977CC6C000A517B /* BootCamping */ = {
			isa = PBXNativeTarget;
			buildConfigurationList = 630ADB5A2977CC6D000A517B /* Build configuration list for PBXNativeTarget "BootCamping" */;
			buildPhases = (
				630ADB472977CC6C000A517B /* Sources */,
				630ADB482977CC6C000A517B /* Frameworks */,
				630ADB492977CC6C000A517B /* Resources */,
			);
			buildRules = (
			);
			dependencies = (
			);
			name = BootCamping;
			packageProductDependencies = (
				63AF45A32977CD9C0014B1E1 /* FirebaseAuth */,
				63AF45A52977CD9C0014B1E1 /* FirebaseFirestore */,
				63AF45A72977CD9C0014B1E1 /* FirebaseStorage */,
				6E996E80297A4E290085D914 /* GoogleSignIn */,
				6E996E82297A4E290085D914 /* GoogleSignInSwift */,
				790B62E1297A28E00048C110 /* KakaoSDK */,
				790B62E3297A28E00048C110 /* KakaoSDKAuth */,
				790B62E5297A28E00048C110 /* KakaoSDKCommon */,
				790B62E7297A28E00048C110 /* KakaoSDKCommonCore */,
				790B62E9297A28E00048C110 /* KakaoSDKNavi */,
				790B62EB297A28E00048C110 /* KakaoSDKShare */,
				790B62ED297A28E00048C110 /* KakaoSDKStory */,
				790B62EF297A28E00048C110 /* KakaoSDKTalk */,
				790B62F1297A28E00048C110 /* KakaoSDKTemplate */,
				790B62F3297A28E00048C110 /* KakaoSDKUser */,
				7C3FC49629877C7200E96A01 /* SDWebImageSwiftUI */,
			);
			productName = BootCamping;
			productReference = 630ADB4B2977CC6C000A517B /* BootCamping.app */;
			productType = "com.apple.product-type.application";
		};
/* End PBXNativeTarget section */

/* Begin PBXProject section */
		630ADB432977CC6C000A517B /* Project object */ = {
			isa = PBXProject;
			attributes = {
				BuildIndependentTargetsInParallel = 1;
				LastSwiftUpdateCheck = 1420;
				LastUpgradeCheck = 1420;
				TargetAttributes = {
					630ADB4A2977CC6C000A517B = {
						CreatedOnToolsVersion = 14.2;
					};
				};
			};
			buildConfigurationList = 630ADB462977CC6C000A517B /* Build configuration list for PBXProject "BootCamping" */;
			compatibilityVersion = "Xcode 14.0";
			developmentRegion = en;
			hasScannedForEncodings = 0;
			knownRegions = (
				en,
				Base,
			);
			mainGroup = 630ADB422977CC6C000A517B;
			packageReferences = (
				63AF45A22977CD9C0014B1E1 /* XCRemoteSwiftPackageReference "firebase-ios-sdk" */,
				6E996E7F297A4E290085D914 /* XCRemoteSwiftPackageReference "GoogleSignIn-iOS" */,
				790B62E0297A28E00048C110 /* XCRemoteSwiftPackageReference "kakao-ios-sdk" */,
				7C3FC49529877C7200E96A01 /* XCRemoteSwiftPackageReference "SDWebImageSwiftUI" */,
			);
			productRefGroup = 630ADB4C2977CC6C000A517B /* Products */;
			projectDirPath = "";
			projectRoot = "";
			targets = (
				630ADB4A2977CC6C000A517B /* BootCamping */,
			);
		};
/* End PBXProject section */

/* Begin PBXResourcesBuildPhase section */
		630ADB492977CC6C000A517B /* Resources */ = {
			isa = PBXResourcesBuildPhase;
			buildActionMask = 2147483647;
			files = (
				630ADB572977CC6D000A517B /* Preview Assets.xcassets in Resources */,
				630ADB532977CC6D000A517B /* Assets.xcassets in Resources */,
				7C95F191298A55120095A6BC /* GoogleService-Info.plist in Resources */,
			);
			runOnlyForDeploymentPostprocessing = 0;
		};
/* End PBXResourcesBuildPhase section */

/* Begin PBXSourcesBuildPhase section */
		630ADB472977CC6C000A517B /* Sources */ = {
			isa = PBXSourcesBuildPhase;
			buildActionMask = 2147483647;
			files = (
				630ADB512977CC6C000A517B /* ContentView.swift in Sources */,
				7CFCE12F2987551F00E196AF /* LoginPasswordView.swift in Sources */,
				63AF45DF2977CE5E0014B1E1 /* MyCampingDiaryView.swift in Sources */,
				7CC3AD4E29890970002EF992 /* DiaryStore.swift in Sources */,
				7CC3AD5029890974002EF992 /* FirebaseDiaryService.swift in Sources */,
				63AF45AF2977CDB40014B1E1 /* Date.swift in Sources */,
				63AF45E72977CE650014B1E1 /* SearchCampingSpotView.swift in Sources */,
				AD1FED36298B930F001FB3E5 /* FirebaseScheduleService.swift in Sources */,
				63AF45DA2977CE4C0014B1E1 /* SettingView.swift in Sources */,
				7C95F18F298A42B10095A6BC /* AppleAuthCoordinator.swift in Sources */,
				7CFCE12B2987549700E196AF /* RealtimeCampingView.swift in Sources */,
				CA729F352979315400CCC3BB /* CustomDatePickerView.swift in Sources */,
				63AF45BB2977CDE20014B1E1 /* AuthSignUpView.swift in Sources */,
				CA729F392979340600CCC3BB /* Schedule.swift in Sources */,
				7C715C982977E056009BC678 /* Diary.swift in Sources */,
				63AF45E52977CE650014B1E1 /* CampingSpotListView.swift in Sources */,
				63AF45B52977CDD20014B1E1 /* AuthStore.swift in Sources */,
				63AF45D72977CE4C0014B1E1 /* MyPageView.swift in Sources */,
				CA729F3329792DE000CCC3BB /* CalendarView.swift in Sources */,
				AD373AFA2977D68A00E1236A /* DiaryCellView.swift in Sources */,
				790B62F7297A36BB0048C110 /* KakaoAuthStore.swift in Sources */,
				639129E92979291D00F6EDD7 /* Places.swift in Sources */,
				AD672121298CA983008C34B3 /* WholeAuthStore.swift in Sources */,
				6E96013D298A40C7009C60F2 /* BookmarkedStore.swift in Sources */,
				639129EB2979292500F6EDD7 /* FetchData.swift in Sources */,
				790B62DD297936840048C110 /* DiaryLike.swift in Sources */,
				CA729F3C297A6C4B00CCC3BB /* AddScheduleView.swift in Sources */,
				790B62DB29792B4C0048C110 /* CommentStore.swift in Sources */,
				63AF45C02977CDF90014B1E1 /* HomeView.swift in Sources */,
				AD21BAE32989F28C007ED6B7 /* FirebaseCommentService.swift in Sources */,
				63AF45E02977CE5E0014B1E1 /* DiaryAddView.swift in Sources */,
				63AF45E12977CE5E0014B1E1 /* DiaryDetailView.swift in Sources */,
				CA27A6252989FCD700A6AEE5 /* SearchCampingSpotListView.swift in Sources */,
				7CFCE12D2987549F00E196AF /* WeeklyPopulerCampingView.swift in Sources */,
				63AF45D82977CE4C0014B1E1 /* BookmarkCellView.swift in Sources */,
				6E96013F298A5C40009C60F2 /* BookmarkSpot.swift in Sources */,
				63AF45B22977CDC60014B1E1 /* User.swift in Sources */,
				63AF45E62977CE650014B1E1 /* CampingSpotDetailView.swift in Sources */,
				639129ED297929A500F6EDD7 /* CampingSpotView.swift in Sources */,
				63AF45DB2977CE4C0014B1E1 /* ProfileSettingView.swift in Sources */,
				CA729F432988FCBA00CCC3BB /* ScheduleStore.swift in Sources */,
				790B62D929792A4D0048C110 /* Comment.swift in Sources */,
				630ADB4F2977CC6C000A517B /* BootCampingApp.swift in Sources */,
				AD672123298CBFB0008C34B3 /* FirebaseUserService.swift in Sources */,
				639129EF29792CB700F6EDD7 /* CapmingSpotStore.swift in Sources */,
				63AF45AD2977CDB40014B1E1 /* UIScreen+Extension.swift in Sources */,
				7CFCE12A2987549700E196AF /* RealtimeCampingCellView.swift in Sources */,
				63AF45BD2977CDE20014B1E1 /* LoginView.swift in Sources */,
				6E96013B298A32D6009C60F2 /* FullMapView.swift in Sources */,
				63AF45AE2977CDB40014B1E1 /* ViewModifiers.swift in Sources */,
			);
			runOnlyForDeploymentPostprocessing = 0;
		};
/* End PBXSourcesBuildPhase section */

/* Begin XCBuildConfiguration section */
		630ADB582977CC6D000A517B /* Debug */ = {
			isa = XCBuildConfiguration;
			baseConfigurationReference = 790B62F5297A2D710048C110 /* Config.xcconfig */;
			buildSettings = {
				ALWAYS_SEARCH_USER_PATHS = NO;
				CLANG_ANALYZER_NONNULL = YES;
				CLANG_ANALYZER_NUMBER_OBJECT_CONVERSION = YES_AGGRESSIVE;
				CLANG_CXX_LANGUAGE_STANDARD = "gnu++20";
				CLANG_ENABLE_MODULES = YES;
				CLANG_ENABLE_OBJC_ARC = YES;
				CLANG_ENABLE_OBJC_WEAK = YES;
				CLANG_WARN_BLOCK_CAPTURE_AUTORELEASING = YES;
				CLANG_WARN_BOOL_CONVERSION = YES;
				CLANG_WARN_COMMA = YES;
				CLANG_WARN_CONSTANT_CONVERSION = YES;
				CLANG_WARN_DEPRECATED_OBJC_IMPLEMENTATIONS = YES;
				CLANG_WARN_DIRECT_OBJC_ISA_USAGE = YES_ERROR;
				CLANG_WARN_DOCUMENTATION_COMMENTS = YES;
				CLANG_WARN_EMPTY_BODY = YES;
				CLANG_WARN_ENUM_CONVERSION = YES;
				CLANG_WARN_INFINITE_RECURSION = YES;
				CLANG_WARN_INT_CONVERSION = YES;
				CLANG_WARN_NON_LITERAL_NULL_CONVERSION = YES;
				CLANG_WARN_OBJC_IMPLICIT_RETAIN_SELF = YES;
				CLANG_WARN_OBJC_LITERAL_CONVERSION = YES;
				CLANG_WARN_OBJC_ROOT_CLASS = YES_ERROR;
				CLANG_WARN_QUOTED_INCLUDE_IN_FRAMEWORK_HEADER = YES;
				CLANG_WARN_RANGE_LOOP_ANALYSIS = YES;
				CLANG_WARN_STRICT_PROTOTYPES = YES;
				CLANG_WARN_SUSPICIOUS_MOVE = YES;
				CLANG_WARN_UNGUARDED_AVAILABILITY = YES_AGGRESSIVE;
				CLANG_WARN_UNREACHABLE_CODE = YES;
				CLANG_WARN__DUPLICATE_METHOD_MATCH = YES;
				COPY_PHASE_STRIP = NO;
				DEBUG_INFORMATION_FORMAT = dwarf;
				ENABLE_STRICT_OBJC_MSGSEND = YES;
				ENABLE_TESTABILITY = YES;
				GCC_C_LANGUAGE_STANDARD = gnu11;
				GCC_DYNAMIC_NO_PIC = NO;
				GCC_NO_COMMON_BLOCKS = YES;
				GCC_OPTIMIZATION_LEVEL = 0;
				GCC_PREPROCESSOR_DEFINITIONS = (
					"DEBUG=1",
					"$(inherited)",
				);
				GCC_WARN_64_TO_32_BIT_CONVERSION = YES;
				GCC_WARN_ABOUT_RETURN_TYPE = YES_ERROR;
				GCC_WARN_UNDECLARED_SELECTOR = YES;
				GCC_WARN_UNINITIALIZED_AUTOS = YES_AGGRESSIVE;
				GCC_WARN_UNUSED_FUNCTION = YES;
				GCC_WARN_UNUSED_VARIABLE = YES;
				MTL_ENABLE_DEBUG_INFO = INCLUDE_SOURCE;
				MTL_FAST_MATH = YES;
				ONLY_ACTIVE_ARCH = YES;
				SWIFT_ACTIVE_COMPILATION_CONDITIONS = DEBUG;
				SWIFT_OPTIMIZATION_LEVEL = "-Onone";
			};
			name = Debug;
		};
		630ADB592977CC6D000A517B /* Release */ = {
			isa = XCBuildConfiguration;
			baseConfigurationReference = 790B62F5297A2D710048C110 /* Config.xcconfig */;
			buildSettings = {
				ALWAYS_SEARCH_USER_PATHS = NO;
				CLANG_ANALYZER_NONNULL = YES;
				CLANG_ANALYZER_NUMBER_OBJECT_CONVERSION = YES_AGGRESSIVE;
				CLANG_CXX_LANGUAGE_STANDARD = "gnu++20";
				CLANG_ENABLE_MODULES = YES;
				CLANG_ENABLE_OBJC_ARC = YES;
				CLANG_ENABLE_OBJC_WEAK = YES;
				CLANG_WARN_BLOCK_CAPTURE_AUTORELEASING = YES;
				CLANG_WARN_BOOL_CONVERSION = YES;
				CLANG_WARN_COMMA = YES;
				CLANG_WARN_CONSTANT_CONVERSION = YES;
				CLANG_WARN_DEPRECATED_OBJC_IMPLEMENTATIONS = YES;
				CLANG_WARN_DIRECT_OBJC_ISA_USAGE = YES_ERROR;
				CLANG_WARN_DOCUMENTATION_COMMENTS = YES;
				CLANG_WARN_EMPTY_BODY = YES;
				CLANG_WARN_ENUM_CONVERSION = YES;
				CLANG_WARN_INFINITE_RECURSION = YES;
				CLANG_WARN_INT_CONVERSION = YES;
				CLANG_WARN_NON_LITERAL_NULL_CONVERSION = YES;
				CLANG_WARN_OBJC_IMPLICIT_RETAIN_SELF = YES;
				CLANG_WARN_OBJC_LITERAL_CONVERSION = YES;
				CLANG_WARN_OBJC_ROOT_CLASS = YES_ERROR;
				CLANG_WARN_QUOTED_INCLUDE_IN_FRAMEWORK_HEADER = YES;
				CLANG_WARN_RANGE_LOOP_ANALYSIS = YES;
				CLANG_WARN_STRICT_PROTOTYPES = YES;
				CLANG_WARN_SUSPICIOUS_MOVE = YES;
				CLANG_WARN_UNGUARDED_AVAILABILITY = YES_AGGRESSIVE;
				CLANG_WARN_UNREACHABLE_CODE = YES;
				CLANG_WARN__DUPLICATE_METHOD_MATCH = YES;
				COPY_PHASE_STRIP = NO;
				DEBUG_INFORMATION_FORMAT = "dwarf-with-dsym";
				ENABLE_NS_ASSERTIONS = NO;
				ENABLE_STRICT_OBJC_MSGSEND = YES;
				GCC_C_LANGUAGE_STANDARD = gnu11;
				GCC_NO_COMMON_BLOCKS = YES;
				GCC_WARN_64_TO_32_BIT_CONVERSION = YES;
				GCC_WARN_ABOUT_RETURN_TYPE = YES_ERROR;
				GCC_WARN_UNDECLARED_SELECTOR = YES;
				GCC_WARN_UNINITIALIZED_AUTOS = YES_AGGRESSIVE;
				GCC_WARN_UNUSED_FUNCTION = YES;
				GCC_WARN_UNUSED_VARIABLE = YES;
				MTL_ENABLE_DEBUG_INFO = NO;
				MTL_FAST_MATH = YES;
				SWIFT_COMPILATION_MODE = wholemodule;
				SWIFT_OPTIMIZATION_LEVEL = "-O";
			};
			name = Release;
		};
		630ADB5B2977CC6D000A517B /* Debug */ = {
			isa = XCBuildConfiguration;
			baseConfigurationReference = 790B62F5297A2D710048C110 /* Config.xcconfig */;
			buildSettings = {
				ASSETCATALOG_COMPILER_APPICON_NAME = AppIcon;
				ASSETCATALOG_COMPILER_GLOBAL_ACCENT_COLOR_NAME = AccentColor;
				CODE_SIGN_ENTITLEMENTS = BootCamping/BootCamping.entitlements;
				"CODE_SIGN_IDENTITY[sdk=macosx*]" = "Apple Development";
				CODE_SIGN_STYLE = Automatic;
				CURRENT_PROJECT_VERSION = 1;
				DEVELOPMENT_ASSET_PATHS = "\"BootCamping/Preview Content\"";
				DEVELOPMENT_TEAM = "";
				ENABLE_HARDENED_RUNTIME = YES;
				ENABLE_PREVIEWS = YES;
				GENERATE_INFOPLIST_FILE = YES;
				INFOPLIST_FILE = BootCamping/Info.plist;
				"INFOPLIST_KEY_UIApplicationSceneManifest_Generation[sdk=iphoneos*]" = YES;
				"INFOPLIST_KEY_UIApplicationSceneManifest_Generation[sdk=iphonesimulator*]" = YES;
				"INFOPLIST_KEY_UIApplicationSupportsIndirectInputEvents[sdk=iphoneos*]" = YES;
				"INFOPLIST_KEY_UIApplicationSupportsIndirectInputEvents[sdk=iphonesimulator*]" = YES;
				"INFOPLIST_KEY_UILaunchScreen_Generation[sdk=iphoneos*]" = YES;
				"INFOPLIST_KEY_UILaunchScreen_Generation[sdk=iphonesimulator*]" = YES;
				"INFOPLIST_KEY_UIStatusBarStyle[sdk=iphoneos*]" = UIStatusBarStyleDefault;
				"INFOPLIST_KEY_UIStatusBarStyle[sdk=iphonesimulator*]" = UIStatusBarStyleDefault;
				INFOPLIST_KEY_UISupportedInterfaceOrientations_iPad = "UIInterfaceOrientationPortrait UIInterfaceOrientationPortraitUpsideDown UIInterfaceOrientationLandscapeLeft UIInterfaceOrientationLandscapeRight";
				INFOPLIST_KEY_UISupportedInterfaceOrientations_iPhone = "UIInterfaceOrientationPortrait UIInterfaceOrientationLandscapeLeft UIInterfaceOrientationLandscapeRight";
				IPHONEOS_DEPLOYMENT_TARGET = 16.2;
				LD_RUNPATH_SEARCH_PATHS = "@executable_path/Frameworks";
				"LD_RUNPATH_SEARCH_PATHS[sdk=macosx*]" = "@executable_path/../Frameworks";
				MACOSX_DEPLOYMENT_TARGET = 13.1;
				MARKETING_VERSION = 1.0;
				PRODUCT_BUNDLE_IDENTIFIER = com.thekoon.BootCampingDev;
				PRODUCT_NAME = "$(TARGET_NAME)";
				SDKROOT = auto;
				SUPPORTED_PLATFORMS = "iphoneos iphonesimulator";
				SUPPORTS_MACCATALYST = NO;
				SUPPORTS_MAC_DESIGNED_FOR_IPHONE_IPAD = NO;
				SWIFT_EMIT_LOC_STRINGS = YES;
				SWIFT_VERSION = 5.0;
				TARGETED_DEVICE_FAMILY = 1;
			};
			name = Debug;
		};
		630ADB5C2977CC6D000A517B /* Release */ = {
			isa = XCBuildConfiguration;
			baseConfigurationReference = 790B62F5297A2D710048C110 /* Config.xcconfig */;
			buildSettings = {
				ASSETCATALOG_COMPILER_APPICON_NAME = AppIcon;
				ASSETCATALOG_COMPILER_GLOBAL_ACCENT_COLOR_NAME = AccentColor;
				CODE_SIGN_ENTITLEMENTS = BootCamping/BootCamping.entitlements;
				"CODE_SIGN_IDENTITY[sdk=macosx*]" = "Apple Development";
				CODE_SIGN_STYLE = Automatic;
				CURRENT_PROJECT_VERSION = 1;
				DEVELOPMENT_ASSET_PATHS = "\"BootCamping/Preview Content\"";
				DEVELOPMENT_TEAM = "";
				ENABLE_HARDENED_RUNTIME = YES;
				ENABLE_PREVIEWS = YES;
				GENERATE_INFOPLIST_FILE = YES;
				INFOPLIST_FILE = BootCamping/Info.plist;
				"INFOPLIST_KEY_UIApplicationSceneManifest_Generation[sdk=iphoneos*]" = YES;
				"INFOPLIST_KEY_UIApplicationSceneManifest_Generation[sdk=iphonesimulator*]" = YES;
				"INFOPLIST_KEY_UIApplicationSupportsIndirectInputEvents[sdk=iphoneos*]" = YES;
				"INFOPLIST_KEY_UIApplicationSupportsIndirectInputEvents[sdk=iphonesimulator*]" = YES;
				"INFOPLIST_KEY_UILaunchScreen_Generation[sdk=iphoneos*]" = YES;
				"INFOPLIST_KEY_UILaunchScreen_Generation[sdk=iphonesimulator*]" = YES;
				"INFOPLIST_KEY_UIStatusBarStyle[sdk=iphoneos*]" = UIStatusBarStyleDefault;
				"INFOPLIST_KEY_UIStatusBarStyle[sdk=iphonesimulator*]" = UIStatusBarStyleDefault;
				INFOPLIST_KEY_UISupportedInterfaceOrientations_iPad = "UIInterfaceOrientationPortrait UIInterfaceOrientationPortraitUpsideDown UIInterfaceOrientationLandscapeLeft UIInterfaceOrientationLandscapeRight";
				INFOPLIST_KEY_UISupportedInterfaceOrientations_iPhone = "UIInterfaceOrientationPortrait UIInterfaceOrientationLandscapeLeft UIInterfaceOrientationLandscapeRight";
				IPHONEOS_DEPLOYMENT_TARGET = 16.2;
				LD_RUNPATH_SEARCH_PATHS = "@executable_path/Frameworks";
				"LD_RUNPATH_SEARCH_PATHS[sdk=macosx*]" = "@executable_path/../Frameworks";
				MACOSX_DEPLOYMENT_TARGET = 13.1;
				MARKETING_VERSION = 1.0;
				PRODUCT_BUNDLE_IDENTIFIER = com.thekoon.BootCampingDev;
				PRODUCT_NAME = "$(TARGET_NAME)";
				SDKROOT = auto;
				SUPPORTED_PLATFORMS = "iphoneos iphonesimulator";
				SUPPORTS_MACCATALYST = NO;
				SUPPORTS_MAC_DESIGNED_FOR_IPHONE_IPAD = NO;
				SWIFT_EMIT_LOC_STRINGS = YES;
				SWIFT_VERSION = 5.0;
				TARGETED_DEVICE_FAMILY = 1;
			};
			name = Release;
		};
/* End XCBuildConfiguration section */

/* Begin XCConfigurationList section */
		630ADB462977CC6C000A517B /* Build configuration list for PBXProject "BootCamping" */ = {
			isa = XCConfigurationList;
			buildConfigurations = (
				630ADB582977CC6D000A517B /* Debug */,
				630ADB592977CC6D000A517B /* Release */,
			);
			defaultConfigurationIsVisible = 0;
			defaultConfigurationName = Release;
		};
		630ADB5A2977CC6D000A517B /* Build configuration list for PBXNativeTarget "BootCamping" */ = {
			isa = XCConfigurationList;
			buildConfigurations = (
				630ADB5B2977CC6D000A517B /* Debug */,
				630ADB5C2977CC6D000A517B /* Release */,
			);
			defaultConfigurationIsVisible = 0;
			defaultConfigurationName = Release;
		};
/* End XCConfigurationList section */

/* Begin XCRemoteSwiftPackageReference section */
		63AF45A22977CD9C0014B1E1 /* XCRemoteSwiftPackageReference "firebase-ios-sdk" */ = {
			isa = XCRemoteSwiftPackageReference;
			repositoryURL = "https://github.com/firebase/firebase-ios-sdk";
			requirement = {
				branch = master;
				kind = branch;
			};
		};
		6E996E7F297A4E290085D914 /* XCRemoteSwiftPackageReference "GoogleSignIn-iOS" */ = {
			isa = XCRemoteSwiftPackageReference;
			repositoryURL = "https://github.com/google/GoogleSignIn-iOS";
			requirement = {
				kind = upToNextMajorVersion;
				minimumVersion = 7.0.0;
			};
		};
		790B62E0297A28E00048C110 /* XCRemoteSwiftPackageReference "kakao-ios-sdk" */ = {
			isa = XCRemoteSwiftPackageReference;
			repositoryURL = "https://github.com/kakao/kakao-ios-sdk";
			requirement = {
				kind = upToNextMajorVersion;
				minimumVersion = 2.0.0;
			};
		};
		7C3FC49529877C7200E96A01 /* XCRemoteSwiftPackageReference "SDWebImageSwiftUI" */ = {
			isa = XCRemoteSwiftPackageReference;
			repositoryURL = "https://github.com/SDWebImage/SDWebImageSwiftUI.git";
			requirement = {
				branch = master;
				kind = branch;
			};
		};
/* End XCRemoteSwiftPackageReference section */

/* Begin XCSwiftPackageProductDependency section */
		63AF45A32977CD9C0014B1E1 /* FirebaseAuth */ = {
			isa = XCSwiftPackageProductDependency;
			package = 63AF45A22977CD9C0014B1E1 /* XCRemoteSwiftPackageReference "firebase-ios-sdk" */;
			productName = FirebaseAuth;
		};
		63AF45A52977CD9C0014B1E1 /* FirebaseFirestore */ = {
			isa = XCSwiftPackageProductDependency;
			package = 63AF45A22977CD9C0014B1E1 /* XCRemoteSwiftPackageReference "firebase-ios-sdk" */;
			productName = FirebaseFirestore;
		};
		63AF45A72977CD9C0014B1E1 /* FirebaseStorage */ = {
			isa = XCSwiftPackageProductDependency;
			package = 63AF45A22977CD9C0014B1E1 /* XCRemoteSwiftPackageReference "firebase-ios-sdk" */;
			productName = FirebaseStorage;
		};
		6E996E80297A4E290085D914 /* GoogleSignIn */ = {
			isa = XCSwiftPackageProductDependency;
			package = 6E996E7F297A4E290085D914 /* XCRemoteSwiftPackageReference "GoogleSignIn-iOS" */;
			productName = GoogleSignIn;
		};
		6E996E82297A4E290085D914 /* GoogleSignInSwift */ = {
			isa = XCSwiftPackageProductDependency;
			package = 6E996E7F297A4E290085D914 /* XCRemoteSwiftPackageReference "GoogleSignIn-iOS" */;
			productName = GoogleSignInSwift;
		};
		790B62E1297A28E00048C110 /* KakaoSDK */ = {
			isa = XCSwiftPackageProductDependency;
			package = 790B62E0297A28E00048C110 /* XCRemoteSwiftPackageReference "kakao-ios-sdk" */;
			productName = KakaoSDK;
		};
		790B62E3297A28E00048C110 /* KakaoSDKAuth */ = {
			isa = XCSwiftPackageProductDependency;
			package = 790B62E0297A28E00048C110 /* XCRemoteSwiftPackageReference "kakao-ios-sdk" */;
			productName = KakaoSDKAuth;
		};
		790B62E5297A28E00048C110 /* KakaoSDKCommon */ = {
			isa = XCSwiftPackageProductDependency;
			package = 790B62E0297A28E00048C110 /* XCRemoteSwiftPackageReference "kakao-ios-sdk" */;
			productName = KakaoSDKCommon;
		};
		790B62E7297A28E00048C110 /* KakaoSDKCommonCore */ = {
			isa = XCSwiftPackageProductDependency;
			package = 790B62E0297A28E00048C110 /* XCRemoteSwiftPackageReference "kakao-ios-sdk" */;
			productName = KakaoSDKCommonCore;
		};
		790B62E9297A28E00048C110 /* KakaoSDKNavi */ = {
			isa = XCSwiftPackageProductDependency;
			package = 790B62E0297A28E00048C110 /* XCRemoteSwiftPackageReference "kakao-ios-sdk" */;
			productName = KakaoSDKNavi;
		};
		790B62EB297A28E00048C110 /* KakaoSDKShare */ = {
			isa = XCSwiftPackageProductDependency;
			package = 790B62E0297A28E00048C110 /* XCRemoteSwiftPackageReference "kakao-ios-sdk" */;
			productName = KakaoSDKShare;
		};
		790B62ED297A28E00048C110 /* KakaoSDKStory */ = {
			isa = XCSwiftPackageProductDependency;
			package = 790B62E0297A28E00048C110 /* XCRemoteSwiftPackageReference "kakao-ios-sdk" */;
			productName = KakaoSDKStory;
		};
		790B62EF297A28E00048C110 /* KakaoSDKTalk */ = {
			isa = XCSwiftPackageProductDependency;
			package = 790B62E0297A28E00048C110 /* XCRemoteSwiftPackageReference "kakao-ios-sdk" */;
			productName = KakaoSDKTalk;
		};
		790B62F1297A28E00048C110 /* KakaoSDKTemplate */ = {
			isa = XCSwiftPackageProductDependency;
			package = 790B62E0297A28E00048C110 /* XCRemoteSwiftPackageReference "kakao-ios-sdk" */;
			productName = KakaoSDKTemplate;
		};
		790B62F3297A28E00048C110 /* KakaoSDKUser */ = {
			isa = XCSwiftPackageProductDependency;
			package = 790B62E0297A28E00048C110 /* XCRemoteSwiftPackageReference "kakao-ios-sdk" */;
			productName = KakaoSDKUser;
		};
		7C3FC49629877C7200E96A01 /* SDWebImageSwiftUI */ = {
			isa = XCSwiftPackageProductDependency;
			package = 7C3FC49529877C7200E96A01 /* XCRemoteSwiftPackageReference "SDWebImageSwiftUI" */;
			productName = SDWebImageSwiftUI;
		};
/* End XCSwiftPackageProductDependency section */
	};
	rootObject = 630ADB432977CC6C000A517B /* Project object */;
}
